PODS:
  - AGEmojiKeyboard (0.2.0)
  - Branch (0.12.3):
    - Branch/Core (= 0.12.3)
    - Branch/without-IDFA (= 0.12.3)
  - Branch/Core (0.12.3)
  - Branch/without-IDFA (0.12.3)

DEPENDENCIES:
  - AGEmojiKeyboard
  - Branch

SPEC CHECKSUMS:
  AGEmojiKeyboard: 8b0ad1a1a3c473c9d5464cf661a7bdddda59feed
  Branch: eced5b5201554811ecb039c74f9913b72caf6cc5

PODFILE CHECKSUM: 9b7d3f29c8c6a0c692de01b67828f8dd959a991f

COCOAPODS: 1.0.1
