<?xml version="1.0" encoding="UTF-8"?>
<!DOCTYPE plist PUBLIC "-//Apple//DTD PLIST 1.0//EN" "http://www.apple.com/DTDs/PropertyList-1.0.dtd">
<plist version="1.0">
<dict>
	<key>archiveVersion</key>
	<string>1</string>
	<key>classes</key>
	<dict/>
	<key>objectVersion</key>
	<string>46</string>
	<key>objects</key>
	<dict>
		<key>00C302A71ABCB8CE00DB3ED1</key>
		<dict>
			<key>isa</key>
			<string>PBXFileReference</string>
			<key>lastKnownFileType</key>
			<string>wrapper.pb-project</string>
			<key>name</key>
			<string>RCTActionSheet.xcodeproj</string>
			<key>path</key>
			<string>../node_modules/react-native/Libraries/ActionSheetIOS/RCTActionSheet.xcodeproj</string>
			<key>sourceTree</key>
			<string>&lt;group&gt;</string>
		</dict>
		<key>00C302A81ABCB8CE00DB3ED1</key>
		<dict>
			<key>children</key>
			<array>
				<string>00C302AC1ABCB8CE00DB3ED1</string>
			</array>
			<key>isa</key>
			<string>PBXGroup</string>
			<key>name</key>
			<string>Products</string>
			<key>sourceTree</key>
			<string>&lt;group&gt;</string>
		</dict>
		<key>00C302AB1ABCB8CE00DB3ED1</key>
		<dict>
			<key>containerPortal</key>
			<string>00C302A71ABCB8CE00DB3ED1</string>
			<key>isa</key>
			<string>PBXContainerItemProxy</string>
			<key>proxyType</key>
			<string>2</string>
			<key>remoteGlobalIDString</key>
			<string>134814201AA4EA6300B7C361</string>
			<key>remoteInfo</key>
			<string>RCTActionSheet</string>
		</dict>
		<key>00C302AC1ABCB8CE00DB3ED1</key>
		<dict>
			<key>fileType</key>
			<string>archive.ar</string>
			<key>isa</key>
			<string>PBXReferenceProxy</string>
			<key>path</key>
			<string>libRCTActionSheet.a</string>
			<key>remoteRef</key>
			<string>00C302AB1ABCB8CE00DB3ED1</string>
			<key>sourceTree</key>
			<string>BUILT_PRODUCTS_DIR</string>
		</dict>
		<key>00C302B51ABCB90400DB3ED1</key>
		<dict>
			<key>isa</key>
			<string>PBXFileReference</string>
			<key>lastKnownFileType</key>
			<string>wrapper.pb-project</string>
			<key>name</key>
			<string>RCTGeolocation.xcodeproj</string>
			<key>path</key>
			<string>../node_modules/react-native/Libraries/Geolocation/RCTGeolocation.xcodeproj</string>
			<key>sourceTree</key>
			<string>&lt;group&gt;</string>
		</dict>
		<key>00C302B61ABCB90400DB3ED1</key>
		<dict>
			<key>children</key>
			<array>
				<string>00C302BA1ABCB90400DB3ED1</string>
			</array>
			<key>isa</key>
			<string>PBXGroup</string>
			<key>name</key>
			<string>Products</string>
			<key>sourceTree</key>
			<string>&lt;group&gt;</string>
		</dict>
		<key>00C302B91ABCB90400DB3ED1</key>
		<dict>
			<key>containerPortal</key>
			<string>00C302B51ABCB90400DB3ED1</string>
			<key>isa</key>
			<string>PBXContainerItemProxy</string>
			<key>proxyType</key>
			<string>2</string>
			<key>remoteGlobalIDString</key>
			<string>134814201AA4EA6300B7C361</string>
			<key>remoteInfo</key>
			<string>RCTGeolocation</string>
		</dict>
		<key>00C302BA1ABCB90400DB3ED1</key>
		<dict>
			<key>fileType</key>
			<string>archive.ar</string>
			<key>isa</key>
			<string>PBXReferenceProxy</string>
			<key>path</key>
			<string>libRCTGeolocation.a</string>
			<key>remoteRef</key>
			<string>00C302B91ABCB90400DB3ED1</string>
			<key>sourceTree</key>
			<string>BUILT_PRODUCTS_DIR</string>
		</dict>
		<key>00C302BB1ABCB91800DB3ED1</key>
		<dict>
			<key>isa</key>
			<string>PBXFileReference</string>
			<key>lastKnownFileType</key>
			<string>wrapper.pb-project</string>
			<key>name</key>
			<string>RCTImage.xcodeproj</string>
			<key>path</key>
			<string>../node_modules/react-native/Libraries/Image/RCTImage.xcodeproj</string>
			<key>sourceTree</key>
			<string>&lt;group&gt;</string>
		</dict>
		<key>00C302BC1ABCB91800DB3ED1</key>
		<dict>
			<key>children</key>
			<array>
				<string>00C302C01ABCB91800DB3ED1</string>
				<string>75D797FD1DC031FE0091E378</string>
			</array>
			<key>isa</key>
			<string>PBXGroup</string>
			<key>name</key>
			<string>Products</string>
			<key>sourceTree</key>
			<string>&lt;group&gt;</string>
		</dict>
		<key>00C302BF1ABCB91800DB3ED1</key>
		<dict>
			<key>containerPortal</key>
			<string>00C302BB1ABCB91800DB3ED1</string>
			<key>isa</key>
			<string>PBXContainerItemProxy</string>
			<key>proxyType</key>
			<string>2</string>
			<key>remoteGlobalIDString</key>
			<string>58B5115D1A9E6B3D00147676</string>
			<key>remoteInfo</key>
			<string>RCTImage</string>
		</dict>
		<key>00C302C01ABCB91800DB3ED1</key>
		<dict>
			<key>fileType</key>
			<string>archive.ar</string>
			<key>isa</key>
			<string>PBXReferenceProxy</string>
			<key>path</key>
			<string>libRCTImage.a</string>
			<key>remoteRef</key>
			<string>00C302BF1ABCB91800DB3ED1</string>
			<key>sourceTree</key>
			<string>BUILT_PRODUCTS_DIR</string>
		</dict>
		<key>00C302D31ABCB9D200DB3ED1</key>
		<dict>
			<key>isa</key>
			<string>PBXFileReference</string>
			<key>lastKnownFileType</key>
			<string>wrapper.pb-project</string>
			<key>name</key>
			<string>RCTNetwork.xcodeproj</string>
			<key>path</key>
			<string>../node_modules/react-native/Libraries/Network/RCTNetwork.xcodeproj</string>
			<key>sourceTree</key>
			<string>&lt;group&gt;</string>
		</dict>
		<key>00C302D41ABCB9D200DB3ED1</key>
		<dict>
			<key>children</key>
			<array>
				<string>00C302DC1ABCB9D200DB3ED1</string>
				<string>75D798051DC031FE0091E378</string>
			</array>
			<key>isa</key>
			<string>PBXGroup</string>
			<key>name</key>
			<string>Products</string>
			<key>sourceTree</key>
			<string>&lt;group&gt;</string>
		</dict>
		<key>00C302DB1ABCB9D200DB3ED1</key>
		<dict>
			<key>containerPortal</key>
			<string>00C302D31ABCB9D200DB3ED1</string>
			<key>isa</key>
			<string>PBXContainerItemProxy</string>
			<key>proxyType</key>
			<string>2</string>
			<key>remoteGlobalIDString</key>
			<string>58B511DB1A9E6C8500147676</string>
			<key>remoteInfo</key>
			<string>RCTNetwork</string>
		</dict>
		<key>00C302DC1ABCB9D200DB3ED1</key>
		<dict>
			<key>fileType</key>
			<string>archive.ar</string>
			<key>isa</key>
			<string>PBXReferenceProxy</string>
			<key>path</key>
			<string>libRCTNetwork.a</string>
			<key>remoteRef</key>
			<string>00C302DB1ABCB9D200DB3ED1</string>
			<key>sourceTree</key>
			<string>BUILT_PRODUCTS_DIR</string>
		</dict>
		<key>00C302DF1ABCB9EE00DB3ED1</key>
		<dict>
			<key>isa</key>
			<string>PBXFileReference</string>
			<key>lastKnownFileType</key>
			<string>wrapper.pb-project</string>
			<key>name</key>
			<string>RCTVibration.xcodeproj</string>
			<key>path</key>
			<string>../node_modules/react-native/Libraries/Vibration/RCTVibration.xcodeproj</string>
			<key>sourceTree</key>
			<string>&lt;group&gt;</string>
		</dict>
		<key>00C302E01ABCB9EE00DB3ED1</key>
		<dict>
			<key>children</key>
			<array>
				<string>00C302E41ABCB9EE00DB3ED1</string>
			</array>
			<key>isa</key>
			<string>PBXGroup</string>
			<key>name</key>
			<string>Products</string>
			<key>sourceTree</key>
			<string>&lt;group&gt;</string>
		</dict>
		<key>00C302E31ABCB9EE00DB3ED1</key>
		<dict>
			<key>containerPortal</key>
			<string>00C302DF1ABCB9EE00DB3ED1</string>
			<key>isa</key>
			<string>PBXContainerItemProxy</string>
			<key>proxyType</key>
			<string>2</string>
			<key>remoteGlobalIDString</key>
			<string>832C81801AAF6DEF007FA2F7</string>
			<key>remoteInfo</key>
			<string>RCTVibration</string>
		</dict>
		<key>00C302E41ABCB9EE00DB3ED1</key>
		<dict>
			<key>fileType</key>
			<string>archive.ar</string>
			<key>isa</key>
			<string>PBXReferenceProxy</string>
			<key>path</key>
			<string>libRCTVibration.a</string>
			<key>remoteRef</key>
			<string>00C302E31ABCB9EE00DB3ED1</string>
			<key>sourceTree</key>
			<string>BUILT_PRODUCTS_DIR</string>
		</dict>
		<key>00C302E51ABCBA2D00DB3ED1</key>
		<dict>
			<key>fileRef</key>
			<string>00C302AC1ABCB8CE00DB3ED1</string>
			<key>isa</key>
			<string>PBXBuildFile</string>
		</dict>
		<key>00C302E71ABCBA2D00DB3ED1</key>
		<dict>
			<key>fileRef</key>
			<string>00C302BA1ABCB90400DB3ED1</string>
			<key>isa</key>
			<string>PBXBuildFile</string>
		</dict>
		<key>00C302E81ABCBA2D00DB3ED1</key>
		<dict>
			<key>fileRef</key>
			<string>00C302C01ABCB91800DB3ED1</string>
			<key>isa</key>
			<string>PBXBuildFile</string>
		</dict>
		<key>00C302E91ABCBA2D00DB3ED1</key>
		<dict>
			<key>fileRef</key>
			<string>00C302DC1ABCB9D200DB3ED1</string>
			<key>isa</key>
			<string>PBXBuildFile</string>
		</dict>
		<key>00C302EA1ABCBA2D00DB3ED1</key>
		<dict>
			<key>fileRef</key>
			<string>00C302E41ABCB9EE00DB3ED1</string>
			<key>isa</key>
			<string>PBXBuildFile</string>
		</dict>
		<key>00DD1BFF1BD5951E006B06BC</key>
		<dict>
			<key>buildActionMask</key>
			<string>2147483647</string>
			<key>files</key>
			<array/>
			<key>inputPaths</key>
			<array/>
			<key>isa</key>
			<string>PBXShellScriptBuildPhase</string>
			<key>name</key>
			<string>Bundle React Native code and images</string>
			<key>outputPaths</key>
			<array/>
			<key>runOnlyForDeploymentPostprocessing</key>
			<string>0</string>
			<key>shellPath</key>
			<string>/bin/sh</string>
			<key>shellScript</key>
			<string>export NODE_BINARY=node
../node_modules/react-native/packager/react-native-xcode.sh</string>
		</dict>
		<key>00E356EF1AD99517003FC87E</key>
		<dict>
			<key>children</key>
			<array>
				<string>00E356F21AD99517003FC87E</string>
				<string>00E356F01AD99517003FC87E</string>
			</array>
			<key>isa</key>
			<string>PBXGroup</string>
			<key>name</key>
			<string>inPhoodTests</string>
			<key>path</key>
			<string>inPhoodRNTests</string>
			<key>sourceTree</key>
			<string>&lt;group&gt;</string>
		</dict>
		<key>00E356F01AD99517003FC87E</key>
		<dict>
			<key>children</key>
			<array>
				<string>00E356F11AD99517003FC87E</string>
			</array>
			<key>isa</key>
			<string>PBXGroup</string>
			<key>name</key>
			<string>Supporting Files</string>
			<key>sourceTree</key>
			<string>&lt;group&gt;</string>
		</dict>
		<key>00E356F11AD99517003FC87E</key>
		<dict>
			<key>isa</key>
			<string>PBXFileReference</string>
			<key>lastKnownFileType</key>
			<string>text.plist.xml</string>
			<key>path</key>
			<string>Info.plist</string>
			<key>sourceTree</key>
			<string>&lt;group&gt;</string>
		</dict>
		<key>00E356F21AD99517003FC87E</key>
		<dict>
			<key>isa</key>
			<string>PBXFileReference</string>
			<key>lastKnownFileType</key>
			<string>sourcecode.c.objc</string>
			<key>path</key>
			<string>inPhoodRNTests.m</string>
			<key>sourceTree</key>
			<string>&lt;group&gt;</string>
		</dict>
		<key>05003A83E8D64700943F7F3E</key>
		<dict>
			<key>fileRef</key>
			<string>D548150BFCE8455781113CFF</string>
			<key>isa</key>
			<string>PBXBuildFile</string>
		</dict>
		<key>06C1B499C4E74A35918C9016</key>
		<dict>
			<key>explicitFileType</key>
			<string>undefined</string>
			<key>fileEncoding</key>
			<string>9</string>
			<key>includeInIndex</key>
			<string>0</string>
			<key>isa</key>
			<string>PBXFileReference</string>
			<key>lastKnownFileType</key>
			<string>archive.ar</string>
			<key>path</key>
			<string>libRNDeviceInfo.a</string>
			<key>sourceTree</key>
			<string>&lt;group&gt;</string>
		</dict>
		<key>0728B54D15EB4C03BF2BF258</key>
		<dict>
			<key>fileRef</key>
			<string>06C1B499C4E74A35918C9016</string>
			<key>isa</key>
			<string>PBXBuildFile</string>
		</dict>
		<key>0E7EBD6458734A06B285C23A</key>
		<dict>
			<key>fileRef</key>
			<string>967B55463FEF4FF0BEC82263</string>
			<key>isa</key>
			<string>PBXBuildFile</string>
		</dict>
		<key>1078FEF01E3D472E885C22C2</key>
		<dict>
			<key>fileRef</key>
			<string>F711100E3834491B848868BC</string>
			<key>isa</key>
			<string>PBXBuildFile</string>
		</dict>
		<key>133E29F31AD74F7200F7D852</key>
		<dict>
			<key>fileRef</key>
			<string>78C398B91ACF4ADC00677621</string>
			<key>isa</key>
			<string>PBXBuildFile</string>
		</dict>
		<key>139105B61AF99BAD00B5F7CC</key>
		<dict>
			<key>isa</key>
			<string>PBXFileReference</string>
			<key>lastKnownFileType</key>
			<string>wrapper.pb-project</string>
			<key>name</key>
			<string>RCTSettings.xcodeproj</string>
			<key>path</key>
			<string>../node_modules/react-native/Libraries/Settings/RCTSettings.xcodeproj</string>
			<key>sourceTree</key>
			<string>&lt;group&gt;</string>
		</dict>
		<key>139105B71AF99BAD00B5F7CC</key>
		<dict>
			<key>children</key>
			<array>
				<string>139105C11AF99BAD00B5F7CC</string>
				<string>75D7980A1DC031FE0091E378</string>
			</array>
			<key>isa</key>
			<string>PBXGroup</string>
			<key>name</key>
			<string>Products</string>
			<key>sourceTree</key>
			<string>&lt;group&gt;</string>
		</dict>
		<key>139105C01AF99BAD00B5F7CC</key>
		<dict>
			<key>containerPortal</key>
			<string>139105B61AF99BAD00B5F7CC</string>
			<key>isa</key>
			<string>PBXContainerItemProxy</string>
			<key>proxyType</key>
			<string>2</string>
			<key>remoteGlobalIDString</key>
			<string>134814201AA4EA6300B7C361</string>
			<key>remoteInfo</key>
			<string>RCTSettings</string>
		</dict>
		<key>139105C11AF99BAD00B5F7CC</key>
		<dict>
			<key>fileType</key>
			<string>archive.ar</string>
			<key>isa</key>
			<string>PBXReferenceProxy</string>
			<key>path</key>
			<string>libRCTSettings.a</string>
			<key>remoteRef</key>
			<string>139105C01AF99BAD00B5F7CC</string>
			<key>sourceTree</key>
			<string>BUILT_PRODUCTS_DIR</string>
		</dict>
		<key>139105C61AF99C1200B5F7CC</key>
		<dict>
			<key>fileRef</key>
			<string>139105C11AF99BAD00B5F7CC</string>
			<key>isa</key>
			<string>PBXBuildFile</string>
		</dict>
		<key>139FDEE61B06529A00C62182</key>
		<dict>
			<key>isa</key>
			<string>PBXFileReference</string>
			<key>lastKnownFileType</key>
			<string>wrapper.pb-project</string>
			<key>name</key>
			<string>RCTWebSocket.xcodeproj</string>
			<key>path</key>
			<string>../node_modules/react-native/Libraries/WebSocket/RCTWebSocket.xcodeproj</string>
			<key>sourceTree</key>
			<string>&lt;group&gt;</string>
		</dict>
		<key>139FDEE71B06529A00C62182</key>
		<dict>
			<key>children</key>
			<array>
				<string>139FDEF41B06529B00C62182</string>
				<string>75D798131DC031FE0091E378</string>
			</array>
			<key>isa</key>
			<string>PBXGroup</string>
			<key>name</key>
			<string>Products</string>
			<key>sourceTree</key>
			<string>&lt;group&gt;</string>
		</dict>
		<key>139FDEF31B06529B00C62182</key>
		<dict>
			<key>containerPortal</key>
			<string>139FDEE61B06529A00C62182</string>
			<key>isa</key>
			<string>PBXContainerItemProxy</string>
			<key>proxyType</key>
			<string>2</string>
			<key>remoteGlobalIDString</key>
			<string>3C86DF461ADF2C930047B81A</string>
			<key>remoteInfo</key>
			<string>RCTWebSocket</string>
		</dict>
		<key>139FDEF41B06529B00C62182</key>
		<dict>
			<key>fileType</key>
			<string>archive.ar</string>
			<key>isa</key>
			<string>PBXReferenceProxy</string>
			<key>path</key>
			<string>libRCTWebSocket.a</string>
			<key>remoteRef</key>
			<string>139FDEF31B06529B00C62182</string>
			<key>sourceTree</key>
			<string>BUILT_PRODUCTS_DIR</string>
		</dict>
		<key>139FDEF61B0652A700C62182</key>
		<dict>
			<key>fileRef</key>
			<string>139FDEF41B06529B00C62182</string>
			<key>isa</key>
			<string>PBXBuildFile</string>
		</dict>
		<key>13B07F861A680F5B00A75B9A</key>
		<dict>
			<key>buildConfigurationList</key>
			<string>13B07F931A680F5B00A75B9A</string>
			<key>buildPhases</key>
			<array>
				<string>29989B3F4CDF3B548C422B84</string>
				<string>13B07F871A680F5B00A75B9A</string>
				<string>13B07F8C1A680F5B00A75B9A</string>
				<string>13B07F8E1A680F5B00A75B9A</string>
				<string>00DD1BFF1BD5951E006B06BC</string>
				<string>1FF8EEF28B9854BDD17F1ED4</string>
				<string>47C5970A7D72FC467E6CD763</string>
			</array>
			<key>buildRules</key>
			<array/>
			<key>dependencies</key>
			<array/>
			<key>isa</key>
			<string>PBXNativeTarget</string>
			<key>name</key>
			<string>inPhood</string>
			<key>productName</key>
			<string>Hello World</string>
			<key>productReference</key>
			<string>13B07F961A680F5B00A75B9A</string>
			<key>productType</key>
			<string>com.apple.product-type.application</string>
		</dict>
		<key>13B07F871A680F5B00A75B9A</key>
		<dict>
			<key>buildActionMask</key>
			<string>2147483647</string>
			<key>files</key>
			<array>
				<string>13B07FBC1A68108700A75B9A</string>
				<string>13B07FC11A68108700A75B9A</string>
			</array>
			<key>isa</key>
			<string>PBXSourcesBuildPhase</string>
			<key>runOnlyForDeploymentPostprocessing</key>
			<string>0</string>
		</dict>
		<key>13B07F8C1A680F5B00A75B9A</key>
		<dict>
			<key>buildActionMask</key>
			<string>2147483647</string>
			<key>files</key>
			<array>
				<string>757238F91D7B656C0099EE39</string>
				<string>757238FA1D7B656C0099EE39</string>
				<string>752F475E1D79EF67000F8EE6</string>
				<string>7512D6C81D2C5AEA00210FCE</string>
				<string>00C302E51ABCBA2D00DB3ED1</string>
				<string>75FF69AF1D9D5A2F007408F7</string>
				<string>00C302E71ABCBA2D00DB3ED1</string>
				<string>00C302E81ABCBA2D00DB3ED1</string>
				<string>133E29F31AD74F7200F7D852</string>
				<string>00C302E91ABCBA2D00DB3ED1</string>
				<string>75FF69B71D9DA885007408F7</string>
				<string>139105C61AF99C1200B5F7CC</string>
				<string>832341BD1AAA6AB300B99B32</string>
				<string>75FF69B61D9DA885007408F7</string>
				<string>00C302EA1ABCBA2D00DB3ED1</string>
				<string>139FDEF61B0652A700C62182</string>
				<string>4B9C5813B7924CC7B531CCAE</string>
				<string>75FF69B41D9DA885007408F7</string>
				<string>75FF69B51D9DA885007408F7</string>
				<string>ACCAD5875B4B4214930719B8</string>
				<string>36AA411AD18249C1956A3FCB</string>
				<string>05003A83E8D64700943F7F3E</string>
				<string>0728B54D15EB4C03BF2BF258</string>
				<string>87952ABD8C5A426F959B1152</string>
				<string>5E1B7209DF4BB6D4289ACE78</string>
			</array>
			<key>isa</key>
			<string>PBXFrameworksBuildPhase</string>
			<key>runOnlyForDeploymentPostprocessing</key>
			<string>0</string>
		</dict>
		<key>13B07F8E1A680F5B00A75B9A</key>
		<dict>
			<key>buildActionMask</key>
			<string>2147483647</string>
			<key>files</key>
			<array>
				<string>13B07FBF1A68108700A75B9A</string>
				<string>469A1D46226845D0A52FE5B5</string>
				<string>DB82C22C748A4E1AB74EE0B4</string>
				<string>1078FEF01E3D472E885C22C2</string>
				<string>895223FA91584065ADF4D9D2</string>
				<string>96C4CCE2B958490687C186EF</string>
				<string>75FF69AB1D9CCA3A007408F7</string>
				<string>46F77B56F92C4D1DA38B24E0</string>
				<string>752FA9B61D94A8DF00D9DF20</string>
				<string>A0AE0E2861414F33A00559D0</string>
				<string>0E7EBD6458734A06B285C23A</string>
				<string>8B2091D34DBC421185F90983</string>
			</array>
			<key>isa</key>
			<string>PBXResourcesBuildPhase</string>
			<key>runOnlyForDeploymentPostprocessing</key>
			<string>0</string>
		</dict>
		<key>13B07F931A680F5B00A75B9A</key>
		<dict>
			<key>buildConfigurations</key>
			<array>
				<string>13B07F941A680F5B00A75B9A</string>
				<string>13B07F951A680F5B00A75B9A</string>
			</array>
			<key>defaultConfigurationIsVisible</key>
			<string>0</string>
			<key>defaultConfigurationName</key>
			<string>Release</string>
			<key>isa</key>
			<string>XCConfigurationList</string>
		</dict>
		<key>13B07F941A680F5B00A75B9A</key>
		<dict>
			<key>baseConfigurationReference</key>
			<string>6E7F50E3B40AECCABA2CD167</string>
			<key>buildSettings</key>
			<dict>
				<key>ASSETCATALOG_COMPILER_APPICON_NAME</key>
				<string>AppIcon</string>
				<key>ASSETCATALOG_COMPILER_LAUNCHIMAGE_NAME</key>
				<string>LaunchImage</string>
				<key>CODE_SIGN_ENTITLEMENTS</key>
				<string>inPhood.entitlements</string>
				<key>CODE_SIGN_IDENTITY</key>
				<string>iPhone Developer</string>
				<key>CODE_SIGN_IDENTITY[sdk=iphoneos*]</key>
				<string>iPhone Developer</string>
				<key>DEAD_CODE_STRIPPING</key>
				<string>NO</string>
				<key>DEVELOPMENT_TEAM</key>
				<string>2V3Y873W24</string>
				<key>ENABLE_BITCODE</key>
				<string>NO</string>
				<key>FRAMEWORK_SEARCH_PATHS</key>
				<array>
					<string>$(PROJECT_DIR)/Branch-iOS-SDK</string>
					<string>$(PROJECT_DIR)/FacebookSDK</string>
				</array>
				<key>HEADER_SEARCH_PATHS</key>
				<array>
					<string>$(inherited)</string>
					<string>/Applications/Xcode.app/Contents/Developer/Toolchains/XcodeDefault.xctoolchain/usr/include</string>
					<string>$(SRCROOT)/../node_modules/react-native/React/**</string>
					<string>$(SRCROOT)/../node_modules/react-native-vector-icons/RNVectorIconsManager</string>
					<string>$(SRCROOT)/../node_modules/react-native-lock/ios/A0RNLock/**</string>
					<string>$(SRCROOT)/../node_modules/react-native-camera/ios</string>
					<string>$(SRCROOT)/../node_modules/react-native-fs/**</string>
					<string>$(SRCROOT)/../node_modules/react-native-mail/RNMail</string>
					<string>$(SRCROOT)/../node_modules/react-native-config/ios/ReactNativeConfig</string>
					<string>$(SRCROOT)/../node_modules/react-native/React/Base</string>
					<string>$(SRCROOT)/../node_modules/react-native/Libraries/PushNotificationIOS/**</string>
					<string>$(SRCROOT)/../node_modules/react-native-branch/ios/**</string>
					<string>"$(SRCROOT)/../../node_modules/react-native-fbsdk/ios"/**</string>
					<string>$(SRCROOT)/../node_modules/react-native-fetch-blob/ios/**</string>
					<string>$(SRCROOT)/../node_modules/react-native-image-to-base64/ios</string>
					<string>$(SRCROOT)/../node_modules/react-native-image-picker/ios/**</string>
					<string>$(SRCROOT)/../node_modules/react-native-fs/**</string>
					<string>$(SRCROOT)/../node_modules/react-native-device-info/RNDeviceInfo</string>
					<string>$(SRCROOT)/../node_modules/react-native-config/ios/ReactNativeConfig</string>
				</array>
				<key>INFOPLIST_FILE</key>
				<string>inPhoodRN/Info.plist</string>
				<key>IPHONEOS_DEPLOYMENT_TARGET</key>
				<string>9.0</string>
				<key>LD_RUNPATH_SEARCH_PATHS</key>
				<string>$(inherited) @executable_path/Frameworks</string>
				<key>LIBRARY_SEARCH_PATHS</key>
				<array>
					<string>$(inherited)</string>
					<string>"$(SRCROOT)/inPhood"</string>
					<string>"$(SRCROOT)/inPhood"</string>
					<string>"$(SRCROOT)/inPhood"</string>
					<string>"$(SRCROOT)/inPhood"</string>
					<string>"$(SRCROOT)/inPhood"</string>
					<string>"$(SRCROOT)/inPhood"</string>
					<string>"$(SRCROOT)/inPhood"</string>
					<string>"$(SRCROOT)/inPhood"</string>
				</array>
				<key>OTHER_LDFLAGS</key>
				<array>
					<string>-ObjC</string>
					<string>-lc++</string>
				</array>
				<key>PRODUCT_BUNDLE_IDENTIFIER</key>
				<string>inPhood</string>
				<key>PRODUCT_NAME</key>
				<string>inPhood</string>
				<key>PROVISIONING_PROFILE</key>
				<string></string>
				<key>TARGETED_DEVICE_FAMILY</key>
				<string>1</string>
			</dict>
			<key>isa</key>
			<string>XCBuildConfiguration</string>
			<key>name</key>
			<string>Debug</string>
		</dict>
		<key>13B07F951A680F5B00A75B9A</key>
		<dict>
			<key>baseConfigurationReference</key>
			<string>EBCEC3EF394B7D871BCCA875</string>
			<key>buildSettings</key>
			<dict>
				<key>ASSETCATALOG_COMPILER_APPICON_NAME</key>
				<string>AppIcon</string>
				<key>ASSETCATALOG_COMPILER_LAUNCHIMAGE_NAME</key>
				<string>LaunchImage</string>
				<key>CODE_SIGN_ENTITLEMENTS</key>
				<string>inPhood.entitlements</string>
				<key>CODE_SIGN_IDENTITY</key>
				<string>iPhone Developer</string>
				<key>CODE_SIGN_IDENTITY[sdk=iphoneos*]</key>
				<string>iPhone Developer</string>
				<key>DEVELOPMENT_TEAM</key>
				<string>2V3Y873W24</string>
				<key>ENABLE_BITCODE</key>
				<string>NO</string>
				<key>FRAMEWORK_SEARCH_PATHS</key>
				<array>
					<string>$(PROJECT_DIR)/Branch-iOS-SDK</string>
					<string>$(PROJECT_DIR)/FacebookSDK</string>
				</array>
				<key>HEADER_SEARCH_PATHS</key>
				<array>
					<string>$(inherited)</string>
					<string>/Applications/Xcode.app/Contents/Developer/Toolchains/XcodeDefault.xctoolchain/usr/include</string>
					<string>$(SRCROOT)/../node_modules/react-native/React/**</string>
					<string>$(SRCROOT)/../node_modules/react-native-vector-icons/RNVectorIconsManager</string>
					<string>$(SRCROOT)/../node_modules/react-native-lock/ios/A0RNLock/**</string>
					<string>$(SRCROOT)/../node_modules/react-native-camera/ios</string>
					<string>$(SRCROOT)/../node_modules/react-native-fs/**</string>
					<string>$(SRCROOT)/../node_modules/react-native-mail/RNMail</string>
					<string>$(SRCROOT)/../node_modules/react-native-config/ios/ReactNativeConfig</string>
					<string>$(SRCROOT)/../node_modules/react-native/React/Base</string>
					<string>$(SRCROOT)/../node_modules/react-native/Libraries/PushNotificationIOS/**</string>
					<string>$(SRCROOT)/../node_modules/react-native-branch/ios/**</string>
					<string>"$(SRCROOT)/../../node_modules/react-native-fbsdk/ios"/**</string>
					<string>$(SRCROOT)/../node_modules/react-native-fetch-blob/ios/**</string>
					<string>$(SRCROOT)/../node_modules/react-native-image-to-base64/ios</string>
					<string>$(SRCROOT)/../node_modules/react-native-image-picker/ios/**</string>
					<string>$(SRCROOT)/../node_modules/react-native-fs/**</string>
					<string>$(SRCROOT)/../node_modules/react-native-device-info/RNDeviceInfo</string>
					<string>$(SRCROOT)/../node_modules/react-native-config/ios/ReactNativeConfig</string>
				</array>
				<key>INFOPLIST_FILE</key>
				<string>inPhoodRN/Info.plist</string>
				<key>IPHONEOS_DEPLOYMENT_TARGET</key>
				<string>9.0</string>
				<key>LD_RUNPATH_SEARCH_PATHS</key>
				<string>$(inherited) @executable_path/Frameworks</string>
				<key>LIBRARY_SEARCH_PATHS</key>
				<array>
					<string>$(inherited)</string>
					<string>"$(SRCROOT)/inPhood"</string>
					<string>"$(SRCROOT)/inPhood"</string>
					<string>"$(SRCROOT)/inPhood"</string>
					<string>"$(SRCROOT)/inPhood"</string>
					<string>"$(SRCROOT)/inPhood"</string>
					<string>"$(SRCROOT)/inPhood"</string>
					<string>"$(SRCROOT)/inPhood"</string>
					<string>"$(SRCROOT)/inPhood"</string>
				</array>
				<key>OTHER_LDFLAGS</key>
				<array>
					<string>-ObjC</string>
					<string>-lc++</string>
				</array>
				<key>PRODUCT_BUNDLE_IDENTIFIER</key>
				<string>inPhood</string>
				<key>PRODUCT_NAME</key>
				<string>inPhood</string>
				<key>PROVISIONING_PROFILE</key>
				<string></string>
				<key>TARGETED_DEVICE_FAMILY</key>
				<string>1</string>
			</dict>
			<key>isa</key>
			<string>XCBuildConfiguration</string>
			<key>name</key>
			<string>Release</string>
		</dict>
		<key>13B07F961A680F5B00A75B9A</key>
		<dict>
			<key>explicitFileType</key>
			<string>wrapper.application</string>
			<key>includeInIndex</key>
			<string>0</string>
			<key>isa</key>
			<string>PBXFileReference</string>
			<key>path</key>
			<string>inPhood.app</string>
			<key>sourceTree</key>
			<string>BUILT_PRODUCTS_DIR</string>
		</dict>
		<key>13B07FAE1A68108700A75B9A</key>
		<dict>
			<key>children</key>
			<array>
				<string>752308161D9C790A00A80087</string>
				<string>752FA9B51D94A8DF00D9DF20</string>
				<string>13B07FAF1A68108700A75B9A</string>
				<string>13B07FB01A68108700A75B9A</string>
				<string>13B07FB51A68108700A75B9A</string>
				<string>13B07FB61A68108700A75B9A</string>
				<string>13B07FB71A68108700A75B9A</string>
			</array>
			<key>isa</key>
			<string>PBXGroup</string>
			<key>name</key>
			<string>inPhood</string>
			<key>sourceTree</key>
			<string>&lt;group&gt;</string>
		</dict>
		<key>13B07FAF1A68108700A75B9A</key>
		<dict>
			<key>fileEncoding</key>
			<string>4</string>
			<key>isa</key>
			<string>PBXFileReference</string>
			<key>lastKnownFileType</key>
			<string>sourcecode.c.h</string>
			<key>name</key>
			<string>AppDelegate.h</string>
			<key>path</key>
			<string>inPhoodRN/AppDelegate.h</string>
			<key>sourceTree</key>
			<string>&lt;group&gt;</string>
		</dict>
		<key>13B07FB01A68108700A75B9A</key>
		<dict>
			<key>fileEncoding</key>
			<string>4</string>
			<key>isa</key>
			<string>PBXFileReference</string>
			<key>lastKnownFileType</key>
			<string>sourcecode.c.objc</string>
			<key>name</key>
			<string>AppDelegate.m</string>
			<key>path</key>
			<string>inPhoodRN/AppDelegate.m</string>
			<key>sourceTree</key>
			<string>&lt;group&gt;</string>
		</dict>
		<key>13B07FB51A68108700A75B9A</key>
		<dict>
			<key>isa</key>
			<string>PBXFileReference</string>
			<key>lastKnownFileType</key>
			<string>folder.assetcatalog</string>
			<key>name</key>
			<string>Images.xcassets</string>
			<key>path</key>
			<string>inPhoodRN/Images.xcassets</string>
			<key>sourceTree</key>
			<string>&lt;group&gt;</string>
		</dict>
		<key>13B07FB61A68108700A75B9A</key>
		<dict>
			<key>fileEncoding</key>
			<string>4</string>
			<key>isa</key>
			<string>PBXFileReference</string>
			<key>lastKnownFileType</key>
			<string>text.plist.xml</string>
			<key>name</key>
			<string>Info.plist</string>
			<key>path</key>
			<string>inPhoodRN/Info.plist</string>
			<key>sourceTree</key>
			<string>&lt;group&gt;</string>
		</dict>
		<key>13B07FB71A68108700A75B9A</key>
		<dict>
			<key>fileEncoding</key>
			<string>4</string>
			<key>isa</key>
			<string>PBXFileReference</string>
			<key>lastKnownFileType</key>
			<string>sourcecode.c.objc</string>
			<key>name</key>
			<string>main.m</string>
			<key>path</key>
			<string>inPhoodRN/main.m</string>
			<key>sourceTree</key>
			<string>&lt;group&gt;</string>
		</dict>
		<key>13B07FBC1A68108700A75B9A</key>
		<dict>
			<key>fileRef</key>
			<string>13B07FB01A68108700A75B9A</string>
			<key>isa</key>
			<string>PBXBuildFile</string>
		</dict>
		<key>13B07FBF1A68108700A75B9A</key>
		<dict>
			<key>fileRef</key>
			<string>13B07FB51A68108700A75B9A</string>
			<key>isa</key>
			<string>PBXBuildFile</string>
		</dict>
		<key>13B07FC11A68108700A75B9A</key>
		<dict>
			<key>fileRef</key>
			<string>13B07FB71A68108700A75B9A</string>
			<key>isa</key>
			<string>PBXBuildFile</string>
		</dict>
		<key>1FF8EEF28B9854BDD17F1ED4</key>
		<dict>
			<key>buildActionMask</key>
			<string>2147483647</string>
			<key>files</key>
			<array/>
			<key>inputPaths</key>
			<array/>
			<key>isa</key>
			<string>PBXShellScriptBuildPhase</string>
			<key>name</key>
			<string>[CP] Embed Pods Frameworks</string>
			<key>outputPaths</key>
			<array/>
			<key>runOnlyForDeploymentPostprocessing</key>
			<string>0</string>
			<key>shellPath</key>
			<string>/bin/sh</string>
			<key>shellScript</key>
			<string>"${SRCROOT}/Pods/Target Support Files/Pods-inPhood/Pods-inPhood-frameworks.sh"
</string>
			<key>showEnvVarsInLog</key>
			<string>0</string>
		</dict>
		<key>1FFA6EF45B0C42D397F1E251</key>
		<dict>
			<key>explicitFileType</key>
			<string>undefined</string>
			<key>fileEncoding</key>
			<string>9</string>
			<key>includeInIndex</key>
			<string>0</string>
			<key>isa</key>
			<string>PBXFileReference</string>
			<key>lastKnownFileType</key>
			<string>archive.ar</string>
			<key>path</key>
			<string>libReactNativeConfig.a</string>
			<key>sourceTree</key>
			<string>&lt;group&gt;</string>
		</dict>
		<key>221F3249DE0E405D8B50A295</key>
		<dict>
			<key>explicitFileType</key>
			<string>undefined</string>
			<key>fileEncoding</key>
			<string>9</string>
			<key>includeInIndex</key>
			<string>0</string>
			<key>isa</key>
			<string>PBXFileReference</string>
			<key>lastKnownFileType</key>
			<string>unknown</string>
			<key>name</key>
			<string>Entypo.ttf</string>
			<key>path</key>
			<string>../node_modules/react-native-vector-icons/Fonts/Entypo.ttf</string>
			<key>sourceTree</key>
			<string>&lt;group&gt;</string>
		</dict>
		<key>25B8015C0ABF4587AB1399F3</key>
		<dict>
			<key>explicitFileType</key>
			<string>undefined</string>
			<key>fileEncoding</key>
			<string>9</string>
			<key>includeInIndex</key>
			<string>0</string>
			<key>isa</key>
			<string>PBXFileReference</string>
			<key>lastKnownFileType</key>
			<string>unknown</string>
			<key>name</key>
			<string>SimpleLineIcons.ttf</string>
			<key>path</key>
			<string>../node_modules/react-native-vector-icons/Fonts/SimpleLineIcons.ttf</string>
			<key>sourceTree</key>
			<string>&lt;group&gt;</string>
		</dict>
		<key>29989B3F4CDF3B548C422B84</key>
		<dict>
			<key>buildActionMask</key>
			<string>2147483647</string>
			<key>files</key>
			<array/>
			<key>inputPaths</key>
			<array/>
			<key>isa</key>
			<string>PBXShellScriptBuildPhase</string>
			<key>name</key>
			<string>[CP] Check Pods Manifest.lock</string>
			<key>outputPaths</key>
			<array/>
			<key>runOnlyForDeploymentPostprocessing</key>
			<string>0</string>
			<key>shellPath</key>
			<string>/bin/sh</string>
			<key>shellScript</key>
			<string>diff "${PODS_ROOT}/../Podfile.lock" "${PODS_ROOT}/Manifest.lock" &gt; /dev/null
if [[ $? != 0 ]] ; then
    cat &lt;&lt; EOM
error: The sandbox is not in sync with the Podfile.lock. Run 'pod install' or update your CocoaPods installation.
EOM
    exit 1
fi
</string>
			<key>showEnvVarsInLog</key>
			<string>0</string>
		</dict>
		<key>2CE0E8A8148E43D59480DCCE</key>
		<dict>
			<key>explicitFileType</key>
			<string>undefined</string>
			<key>fileEncoding</key>
			<string>9</string>
			<key>includeInIndex</key>
			<string>0</string>
			<key>isa</key>
			<string>PBXFileReference</string>
			<key>lastKnownFileType</key>
			<string>wrapper.pb-project</string>
			<key>name</key>
			<string>RNVectorIcons.xcodeproj</string>
			<key>path</key>
			<string>../node_modules/react-native-vector-icons/RNVectorIcons.xcodeproj</string>
			<key>sourceTree</key>
			<string>&lt;group&gt;</string>
		</dict>
		<key>3450F66AC5B84AF79EA7B870</key>
		<dict>
			<key>explicitFileType</key>
			<string>undefined</string>
			<key>fileEncoding</key>
			<string>9</string>
			<key>includeInIndex</key>
			<string>0</string>
			<key>isa</key>
			<string>PBXFileReference</string>
			<key>lastKnownFileType</key>
			<string>unknown</string>
			<key>name</key>
			<string>EvilIcons.ttf</string>
			<key>path</key>
			<string>../node_modules/react-native-vector-icons/Fonts/EvilIcons.ttf</string>
			<key>sourceTree</key>
			<string>&lt;group&gt;</string>
		</dict>
		<key>36AA411AD18249C1956A3FCB</key>
		<dict>
			<key>fileRef</key>
			<string>BD1CE212530640A1812402DF</string>
			<key>isa</key>
			<string>PBXBuildFile</string>
		</dict>
		<key>3DD7FCC0084C468EBC9F7766</key>
		<dict>
			<key>explicitFileType</key>
			<string>undefined</string>
			<key>fileEncoding</key>
			<string>9</string>
			<key>includeInIndex</key>
			<string>0</string>
			<key>isa</key>
			<string>PBXFileReference</string>
			<key>lastKnownFileType</key>
			<string>wrapper.pb-project</string>
			<key>name</key>
			<string>RNFS.xcodeproj</string>
			<key>path</key>
			<string>../node_modules/react-native-fs/RNFS.xcodeproj</string>
			<key>sourceTree</key>
			<string>&lt;group&gt;</string>
		</dict>
		<key>469A1D46226845D0A52FE5B5</key>
		<dict>
			<key>fileRef</key>
			<string>221F3249DE0E405D8B50A295</string>
			<key>isa</key>
			<string>PBXBuildFile</string>
		</dict>
		<key>46F77B56F92C4D1DA38B24E0</key>
		<dict>
			<key>fileRef</key>
			<string>63675BAC90914873A9A4162B</string>
			<key>isa</key>
			<string>PBXBuildFile</string>
		</dict>
		<key>47C5970A7D72FC467E6CD763</key>
		<dict>
			<key>buildActionMask</key>
			<string>2147483647</string>
			<key>files</key>
			<array/>
			<key>inputPaths</key>
			<array/>
			<key>isa</key>
			<string>PBXShellScriptBuildPhase</string>
			<key>name</key>
			<string>[CP] Copy Pods Resources</string>
			<key>outputPaths</key>
			<array/>
			<key>runOnlyForDeploymentPostprocessing</key>
			<string>0</string>
			<key>shellPath</key>
			<string>/bin/sh</string>
			<key>shellScript</key>
			<string>"${SRCROOT}/Pods/Target Support Files/Pods-inPhood/Pods-inPhood-resources.sh"
</string>
			<key>showEnvVarsInLog</key>
			<string>0</string>
		</dict>
		<key>4B9C5813B7924CC7B531CCAE</key>
		<dict>
			<key>fileRef</key>
			<string>D7593193415E4F15ABEFB83E</string>
			<key>isa</key>
			<string>PBXBuildFile</string>
		</dict>
		<key>4CAD52C3DE514835972AA696</key>
		<dict>
			<key>explicitFileType</key>
			<string>undefined</string>
			<key>fileEncoding</key>
			<string>9</string>
			<key>includeInIndex</key>
			<string>0</string>
			<key>isa</key>
			<string>PBXFileReference</string>
			<key>lastKnownFileType</key>
			<string>unknown</string>
			<key>name</key>
			<string>Octicons.ttf</string>
			<key>path</key>
			<string>../node_modules/react-native-vector-icons/Fonts/Octicons.ttf</string>
			<key>sourceTree</key>
			<string>&lt;group&gt;</string>
		</dict>
		<key>5E1B7209DF4BB6D4289ACE78</key>
		<dict>
			<key>fileRef</key>
			<string>D856A2B98DD0C8266F1A75B8</string>
			<key>isa</key>
			<string>PBXBuildFile</string>
		</dict>
		<key>604CCBC30FC497E58F9F0787</key>
		<dict>
			<key>children</key>
			<array>
				<string>6E7F50E3B40AECCABA2CD167</string>
				<string>EBCEC3EF394B7D871BCCA875</string>
			</array>
			<key>isa</key>
			<string>PBXGroup</string>
			<key>name</key>
			<string>Pods</string>
			<key>sourceTree</key>
			<string>&lt;group&gt;</string>
		</dict>
		<key>63675BAC90914873A9A4162B</key>
		<dict>
			<key>explicitFileType</key>
			<string>undefined</string>
			<key>fileEncoding</key>
			<string>9</string>
			<key>includeInIndex</key>
			<string>0</string>
			<key>isa</key>
			<string>PBXFileReference</string>
			<key>lastKnownFileType</key>
			<string>unknown</string>
			<key>name</key>
			<string>MaterialIcons.ttf</string>
			<key>path</key>
			<string>../node_modules/react-native-vector-icons/Fonts/MaterialIcons.ttf</string>
			<key>sourceTree</key>
			<string>&lt;group&gt;</string>
		</dict>
		<key>6D49B063EAC4415E964E5EAF</key>
		<dict>
			<key>explicitFileType</key>
			<string>undefined</string>
			<key>fileEncoding</key>
			<string>9</string>
			<key>includeInIndex</key>
			<string>0</string>
			<key>isa</key>
			<string>PBXFileReference</string>
			<key>lastKnownFileType</key>
			<string>unknown</string>
			<key>name</key>
			<string>Foundation.ttf</string>
			<key>path</key>
			<string>../node_modules/react-native-vector-icons/Fonts/Foundation.ttf</string>
			<key>sourceTree</key>
			<string>&lt;group&gt;</string>
		</dict>
		<key>6E7F50E3B40AECCABA2CD167</key>
		<dict>
			<key>includeInIndex</key>
			<string>1</string>
			<key>isa</key>
			<string>PBXFileReference</string>
			<key>lastKnownFileType</key>
			<string>text.xcconfig</string>
			<key>name</key>
			<string>Pods-inPhood.debug.xcconfig</string>
			<key>path</key>
			<string>Pods/Target Support Files/Pods-inPhood/Pods-inPhood.debug.xcconfig</string>
			<key>sourceTree</key>
			<string>&lt;group&gt;</string>
		</dict>
		<key>750C063B1CC9D56C0054AA98</key>
		<dict>
			<key>children</key>
			<array>
				<string>75FF69B01D9DA885007408F7</string>
				<string>75FF69B11D9DA885007408F7</string>
				<string>75FF69B21D9DA885007408F7</string>
				<string>75FF69B31D9DA885007408F7</string>
				<string>75FF69AE1D9D5A2F007408F7</string>
				<string>D856A2B98DD0C8266F1A75B8</string>
			</array>
			<key>isa</key>
			<string>PBXGroup</string>
			<key>name</key>
			<string>Frameworks</string>
			<key>sourceTree</key>
			<string>&lt;group&gt;</string>
		</dict>
		<key>7511EA811DDA3D4300B112E3</key>
		<dict>
			<key>children</key>
			<array>
				<string>7511EA991DDA3D4300B112E3</string>
			</array>
			<key>isa</key>
			<string>PBXGroup</string>
			<key>name</key>
			<string>Products</string>
			<key>sourceTree</key>
			<string>&lt;group&gt;</string>
		</dict>
		<key>7511EA981DDA3D4300B112E3</key>
		<dict>
			<key>containerPortal</key>
			<string>BAA65D5B1358429FAA2D0F7F</string>
			<key>isa</key>
			<string>PBXContainerItemProxy</string>
			<key>proxyType</key>
			<string>2</string>
			<key>remoteGlobalIDString</key>
			<string>EB2648DF1C7BE17A00B8F155</string>
			<key>remoteInfo</key>
			<string>ReactNativeConfig</string>
		</dict>
		<key>7511EA991DDA3D4300B112E3</key>
		<dict>
			<key>fileType</key>
			<string>archive.ar</string>
			<key>isa</key>
			<string>PBXReferenceProxy</string>
			<key>path</key>
			<string>libReactNativeConfig.a</string>
			<key>remoteRef</key>
			<string>7511EA981DDA3D4300B112E3</string>
			<key>sourceTree</key>
			<string>BUILT_PRODUCTS_DIR</string>
		</dict>
		<key>7512D6B51D2C5AC700210FCE</key>
		<dict>
			<key>isa</key>
			<string>PBXFileReference</string>
			<key>lastKnownFileType</key>
			<string>wrapper.pb-project</string>
			<key>name</key>
			<string>React.xcodeproj</string>
			<key>path</key>
			<string>../node_modules/react-native/React/React.xcodeproj</string>
			<key>sourceTree</key>
			<string>&lt;group&gt;</string>
		</dict>
		<key>7512D6B61D2C5AC700210FCE</key>
		<dict>
			<key>children</key>
			<array>
				<string>7512D6C61D2C5AC800210FCE</string>
				<string>75D798171DC031FE0091E378</string>
			</array>
			<key>isa</key>
			<string>PBXGroup</string>
			<key>name</key>
			<string>Products</string>
			<key>sourceTree</key>
			<string>&lt;group&gt;</string>
		</dict>
		<key>7512D6C51D2C5AC800210FCE</key>
		<dict>
			<key>containerPortal</key>
			<string>7512D6B51D2C5AC700210FCE</string>
			<key>isa</key>
			<string>PBXContainerItemProxy</string>
			<key>proxyType</key>
			<string>2</string>
			<key>remoteGlobalIDString</key>
			<string>83CBBA2E1A601D0E00E9B192</string>
			<key>remoteInfo</key>
			<string>React</string>
		</dict>
		<key>7512D6C61D2C5AC800210FCE</key>
		<dict>
			<key>fileType</key>
			<string>archive.ar</string>
			<key>isa</key>
			<string>PBXReferenceProxy</string>
			<key>path</key>
			<string>libReact.a</string>
			<key>remoteRef</key>
			<string>7512D6C51D2C5AC800210FCE</string>
			<key>sourceTree</key>
			<string>BUILT_PRODUCTS_DIR</string>
		</dict>
		<key>7512D6C81D2C5AEA00210FCE</key>
		<dict>
			<key>fileRef</key>
			<string>7512D6C61D2C5AC800210FCE</string>
			<key>isa</key>
			<string>PBXBuildFile</string>
		</dict>
		<key>752308161D9C790A00A80087</key>
		<dict>
			<key>isa</key>
			<string>PBXFileReference</string>
			<key>lastKnownFileType</key>
			<string>text.plist.entitlements</string>
			<key>path</key>
			<string>inPhood.entitlements</string>
			<key>sourceTree</key>
			<string>&lt;group&gt;</string>
		</dict>
		<key>752716D11D4D28B000EC95E2</key>
		<dict>
			<key>children</key>
			<array>
				<string>752716D51D4D28B000EC95E2</string>
			</array>
			<key>isa</key>
			<string>PBXGroup</string>
			<key>name</key>
			<string>Products</string>
			<key>sourceTree</key>
			<string>&lt;group&gt;</string>
		</dict>
		<key>752716D41D4D28B000EC95E2</key>
		<dict>
			<key>containerPortal</key>
			<string>2CE0E8A8148E43D59480DCCE</string>
			<key>isa</key>
			<string>PBXContainerItemProxy</string>
			<key>proxyType</key>
			<string>2</string>
			<key>remoteGlobalIDString</key>
			<string>5DBEB1501B18CEA900B34395</string>
			<key>remoteInfo</key>
			<string>RNVectorIcons</string>
		</dict>
		<key>752716D51D4D28B000EC95E2</key>
		<dict>
			<key>fileType</key>
			<string>archive.ar</string>
			<key>isa</key>
			<string>PBXReferenceProxy</string>
			<key>path</key>
			<string>libRNVectorIcons.a</string>
			<key>remoteRef</key>
			<string>752716D41D4D28B000EC95E2</string>
			<key>sourceTree</key>
			<string>BUILT_PRODUCTS_DIR</string>
		</dict>
		<key>752F47451D79EF5D000F8EE6</key>
		<dict>
			<key>isa</key>
			<string>PBXFileReference</string>
			<key>lastKnownFileType</key>
			<string>wrapper.pb-project</string>
			<key>name</key>
			<string>RCTPushNotification.xcodeproj</string>
			<key>path</key>
			<string>../node_modules/react-native/Libraries/PushNotificationIOS/RCTPushNotification.xcodeproj</string>
			<key>sourceTree</key>
			<string>&lt;group&gt;</string>
		</dict>
		<key>752F47461D79EF5D000F8EE6</key>
		<dict>
			<key>children</key>
			<array>
				<string>752F47531D79EF5D000F8EE6</string>
				<string>75AE102A1DEE6CD700A156E7</string>
			</array>
			<key>isa</key>
			<string>PBXGroup</string>
			<key>name</key>
			<string>Products</string>
			<key>sourceTree</key>
			<string>&lt;group&gt;</string>
		</dict>
		<key>752F47521D79EF5D000F8EE6</key>
		<dict>
			<key>containerPortal</key>
			<string>752F47451D79EF5D000F8EE6</string>
			<key>isa</key>
			<string>PBXContainerItemProxy</string>
			<key>proxyType</key>
			<string>2</string>
			<key>remoteGlobalIDString</key>
			<string>134814201AA4EA6300B7C361</string>
			<key>remoteInfo</key>
			<string>RCTPushNotification</string>
		</dict>
		<key>752F47531D79EF5D000F8EE6</key>
		<dict>
			<key>fileType</key>
			<string>archive.ar</string>
			<key>isa</key>
			<string>PBXReferenceProxy</string>
			<key>path</key>
			<string>libRCTPushNotification.a</string>
			<key>remoteRef</key>
			<string>752F47521D79EF5D000F8EE6</string>
			<key>sourceTree</key>
			<string>BUILT_PRODUCTS_DIR</string>
		</dict>
		<key>752F475E1D79EF67000F8EE6</key>
		<dict>
			<key>fileRef</key>
			<string>752F47531D79EF5D000F8EE6</string>
			<key>isa</key>
			<string>PBXBuildFile</string>
		</dict>
		<key>752FA9B51D94A8DF00D9DF20</key>
		<dict>
			<key>fileEncoding</key>
			<string>4</string>
			<key>isa</key>
			<string>PBXFileReference</string>
			<key>lastKnownFileType</key>
			<string>text.plist.xml</string>
			<key>name</key>
			<string>GoogleService-Info.plist</string>
			<key>path</key>
			<string>inPhoodRN/GoogleService-Info.plist</string>
			<key>sourceTree</key>
			<string>SOURCE_ROOT</string>
		</dict>
		<key>752FA9B61D94A8DF00D9DF20</key>
		<dict>
			<key>fileRef</key>
			<string>752FA9B51D94A8DF00D9DF20</string>
			<key>isa</key>
			<string>PBXBuildFile</string>
		</dict>
		<key>757238ED1D7B63B80099EE39</key>
		<dict>
			<key>isa</key>
			<string>PBXFileReference</string>
			<key>lastKnownFileType</key>
			<string>wrapper.pb-project</string>
			<key>name</key>
			<string>RCTCamera.xcodeproj</string>
			<key>path</key>
			<string>../node_modules/react-native-camera/ios/RCTCamera.xcodeproj</string>
			<key>sourceTree</key>
			<string>&lt;group&gt;</string>
		</dict>
		<key>757238EE1D7B63B80099EE39</key>
		<dict>
			<key>children</key>
			<array>
				<string>757238F21D7B63B80099EE39</string>
			</array>
			<key>isa</key>
			<string>PBXGroup</string>
			<key>name</key>
			<string>Products</string>
			<key>sourceTree</key>
			<string>&lt;group&gt;</string>
		</dict>
		<key>757238F11D7B63B80099EE39</key>
		<dict>
			<key>containerPortal</key>
			<string>757238ED1D7B63B80099EE39</string>
			<key>isa</key>
			<string>PBXContainerItemProxy</string>
			<key>proxyType</key>
			<string>2</string>
			<key>remoteGlobalIDString</key>
			<string>4107012F1ACB723B00C6AA39</string>
			<key>remoteInfo</key>
			<string>RCTCamera</string>
		</dict>
		<key>757238F21D7B63B80099EE39</key>
		<dict>
			<key>fileType</key>
			<string>archive.ar</string>
			<key>isa</key>
			<string>PBXReferenceProxy</string>
			<key>path</key>
			<string>libRCTCamera.a</string>
			<key>remoteRef</key>
			<string>757238F11D7B63B80099EE39</string>
			<key>sourceTree</key>
			<string>BUILT_PRODUCTS_DIR</string>
		</dict>
		<key>757238F31D7B63C90099EE39</key>
		<dict>
			<key>isa</key>
			<string>PBXFileReference</string>
			<key>lastKnownFileType</key>
			<string>wrapper.pb-project</string>
			<key>name</key>
			<string>RCTCameraRoll.xcodeproj</string>
			<key>path</key>
			<string>../node_modules/react-native/Libraries/CameraRoll/RCTCameraRoll.xcodeproj</string>
			<key>sourceTree</key>
			<string>&lt;group&gt;</string>
		</dict>
		<key>757238F41D7B63C90099EE39</key>
		<dict>
			<key>children</key>
			<array>
				<string>757238F81D7B63CA0099EE39</string>
			</array>
			<key>isa</key>
			<string>PBXGroup</string>
			<key>name</key>
			<string>Products</string>
			<key>sourceTree</key>
			<string>&lt;group&gt;</string>
		</dict>
		<key>757238F71D7B63CA0099EE39</key>
		<dict>
			<key>containerPortal</key>
			<string>757238F31D7B63C90099EE39</string>
			<key>isa</key>
			<string>PBXContainerItemProxy</string>
			<key>proxyType</key>
			<string>2</string>
			<key>remoteGlobalIDString</key>
			<string>58B5115D1A9E6B3D00147676</string>
			<key>remoteInfo</key>
			<string>RCTCameraRoll</string>
		</dict>
		<key>757238F81D7B63CA0099EE39</key>
		<dict>
			<key>fileType</key>
			<string>archive.ar</string>
			<key>isa</key>
			<string>PBXReferenceProxy</string>
			<key>path</key>
			<string>libRCTCameraRoll.a</string>
			<key>remoteRef</key>
			<string>757238F71D7B63CA0099EE39</string>
			<key>sourceTree</key>
			<string>BUILT_PRODUCTS_DIR</string>
		</dict>
		<key>757238F91D7B656C0099EE39</key>
		<dict>
			<key>fileRef</key>
			<string>757238F21D7B63B80099EE39</string>
			<key>isa</key>
			<string>PBXBuildFile</string>
		</dict>
		<key>757238FA1D7B656C0099EE39</key>
		<dict>
			<key>fileRef</key>
			<string>757238F81D7B63CA0099EE39</string>
			<key>isa</key>
			<string>PBXBuildFile</string>
		</dict>
		<key>75AA28481DCE5B720041182E</key>
		<dict>
			<key>children</key>
			<array>
				<string>75AA28621DCE5B720041182E</string>
			</array>
			<key>isa</key>
			<string>PBXGroup</string>
			<key>name</key>
			<string>Products</string>
			<key>sourceTree</key>
			<string>&lt;group&gt;</string>
		</dict>
		<key>75AA28611DCE5B720041182E</key>
		<dict>
			<key>containerPortal</key>
			<string>CC696D0DD39E47D68CFD0B45</string>
			<key>isa</key>
			<string>PBXContainerItemProxy</string>
			<key>proxyType</key>
			<string>2</string>
			<key>remoteGlobalIDString</key>
			<string>DA5891D81BA9A9FC002B4DB2</string>
			<key>remoteInfo</key>
			<string>RNDeviceInfo</string>
		</dict>
		<key>75AA28621DCE5B720041182E</key>
		<dict>
			<key>fileType</key>
			<string>archive.ar</string>
			<key>isa</key>
			<string>PBXReferenceProxy</string>
			<key>path</key>
			<string>libRNDeviceInfo.a</string>
			<key>remoteRef</key>
			<string>75AA28611DCE5B720041182E</string>
			<key>sourceTree</key>
			<string>BUILT_PRODUCTS_DIR</string>
		</dict>
		<key>75AE10291DEE6CD700A156E7</key>
		<dict>
			<key>containerPortal</key>
			<string>752F47451D79EF5D000F8EE6</string>
			<key>isa</key>
			<string>PBXContainerItemProxy</string>
			<key>proxyType</key>
			<string>2</string>
			<key>remoteGlobalIDString</key>
			<string>2DD0EFE61DA8533A00B0C975</string>
			<key>remoteInfo</key>
			<string>RCTPushNotification-tvOS</string>
		</dict>
		<key>75AE102A1DEE6CD700A156E7</key>
		<dict>
			<key>fileType</key>
			<string>archive.ar</string>
			<key>isa</key>
			<string>PBXReferenceProxy</string>
			<key>path</key>
			<string>libRCTPushNotification-tvOS.a</string>
			<key>remoteRef</key>
			<string>75AE10291DEE6CD700A156E7</string>
			<key>sourceTree</key>
			<string>BUILT_PRODUCTS_DIR</string>
		</dict>
		<key>75D797A01DBE56230091E378</key>
		<dict>
			<key>children</key>
			<array>
				<string>75D797B41DBE56230091E378</string>
			</array>
			<key>isa</key>
			<string>PBXGroup</string>
			<key>name</key>
			<string>Products</string>
			<key>sourceTree</key>
			<string>&lt;group&gt;</string>
		</dict>
		<key>75D797B31DBE56230091E378</key>
		<dict>
			<key>containerPortal</key>
			<string>BFAA74C532FA4875960DB836</string>
			<key>isa</key>
			<string>PBXContainerItemProxy</string>
			<key>proxyType</key>
			<string>2</string>
			<key>remoteGlobalIDString</key>
			<string>014A3B5C1C6CF33500B6D375</string>
			<key>remoteInfo</key>
			<string>RNImagePicker</string>
		</dict>
		<key>75D797B41DBE56230091E378</key>
		<dict>
			<key>fileType</key>
			<string>archive.ar</string>
			<key>isa</key>
			<string>PBXReferenceProxy</string>
			<key>path</key>
			<string>libRNImagePicker.a</string>
			<key>remoteRef</key>
			<string>75D797B31DBE56230091E378</string>
			<key>sourceTree</key>
			<string>BUILT_PRODUCTS_DIR</string>
		</dict>
		<key>75D797FC1DC031FE0091E378</key>
		<dict>
			<key>containerPortal</key>
			<string>00C302BB1ABCB91800DB3ED1</string>
			<key>isa</key>
			<string>PBXContainerItemProxy</string>
			<key>proxyType</key>
			<string>2</string>
			<key>remoteGlobalIDString</key>
			<string>2D2A283A1D9B042B00D4039D</string>
			<key>remoteInfo</key>
			<string>RCTImage-tvOS</string>
		</dict>
		<key>75D797FD1DC031FE0091E378</key>
		<dict>
			<key>fileType</key>
			<string>archive.ar</string>
			<key>isa</key>
			<string>PBXReferenceProxy</string>
			<key>path</key>
			<string>libRCTImage-tvOS.a</string>
			<key>remoteRef</key>
			<string>75D797FC1DC031FE0091E378</string>
			<key>sourceTree</key>
			<string>BUILT_PRODUCTS_DIR</string>
		</dict>
		<key>75D798001DC031FE0091E378</key>
		<dict>
			<key>containerPortal</key>
			<string>78C398B01ACF4ADC00677621</string>
			<key>isa</key>
			<string>PBXContainerItemProxy</string>
			<key>proxyType</key>
			<string>2</string>
			<key>remoteGlobalIDString</key>
			<string>2D2A28471D9B043800D4039D</string>
			<key>remoteInfo</key>
			<string>RCTLinking-tvOS</string>
		</dict>
		<key>75D798011DC031FE0091E378</key>
		<dict>
			<key>fileType</key>
			<string>archive.ar</string>
			<key>isa</key>
			<string>PBXReferenceProxy</string>
			<key>path</key>
			<string>libRCTLinking-tvOS.a</string>
			<key>remoteRef</key>
			<string>75D798001DC031FE0091E378</string>
			<key>sourceTree</key>
			<string>BUILT_PRODUCTS_DIR</string>
		</dict>
		<key>75D798041DC031FE0091E378</key>
		<dict>
			<key>containerPortal</key>
			<string>00C302D31ABCB9D200DB3ED1</string>
			<key>isa</key>
			<string>PBXContainerItemProxy</string>
			<key>proxyType</key>
			<string>2</string>
			<key>remoteGlobalIDString</key>
			<string>2D2A28541D9B044C00D4039D</string>
			<key>remoteInfo</key>
			<string>RCTNetwork-tvOS</string>
		</dict>
		<key>75D798051DC031FE0091E378</key>
		<dict>
			<key>fileType</key>
			<string>archive.ar</string>
			<key>isa</key>
			<string>PBXReferenceProxy</string>
			<key>path</key>
			<string>libRCTNetwork-tvOS.a</string>
			<key>remoteRef</key>
			<string>75D798041DC031FE0091E378</string>
			<key>sourceTree</key>
			<string>BUILT_PRODUCTS_DIR</string>
		</dict>
		<key>75D798091DC031FE0091E378</key>
		<dict>
			<key>containerPortal</key>
			<string>139105B61AF99BAD00B5F7CC</string>
			<key>isa</key>
			<string>PBXContainerItemProxy</string>
			<key>proxyType</key>
			<string>2</string>
			<key>remoteGlobalIDString</key>
			<string>2D2A28611D9B046600D4039D</string>
			<key>remoteInfo</key>
			<string>RCTSettings-tvOS</string>
		</dict>
		<key>75D7980A1DC031FE0091E378</key>
		<dict>
			<key>fileType</key>
			<string>archive.ar</string>
			<key>isa</key>
			<string>PBXReferenceProxy</string>
			<key>path</key>
			<string>libRCTSettings-tvOS.a</string>
			<key>remoteRef</key>
			<string>75D798091DC031FE0091E378</string>
			<key>sourceTree</key>
			<string>BUILT_PRODUCTS_DIR</string>
		</dict>
		<key>75D7980D1DC031FE0091E378</key>
		<dict>
			<key>containerPortal</key>
			<string>832341B01AAA6A8300B99B32</string>
			<key>isa</key>
			<string>PBXContainerItemProxy</string>
			<key>proxyType</key>
			<string>2</string>
			<key>remoteGlobalIDString</key>
			<string>2D2A287B1D9B048500D4039D</string>
			<key>remoteInfo</key>
			<string>RCTText-tvOS</string>
		</dict>
		<key>75D7980E1DC031FE0091E378</key>
		<dict>
			<key>fileType</key>
			<string>archive.ar</string>
			<key>isa</key>
			<string>PBXReferenceProxy</string>
			<key>path</key>
			<string>libRCTText-tvOS.a</string>
			<key>remoteRef</key>
			<string>75D7980D1DC031FE0091E378</string>
			<key>sourceTree</key>
			<string>BUILT_PRODUCTS_DIR</string>
		</dict>
		<key>75D798121DC031FE0091E378</key>
		<dict>
			<key>containerPortal</key>
			<string>139FDEE61B06529A00C62182</string>
			<key>isa</key>
			<string>PBXContainerItemProxy</string>
			<key>proxyType</key>
			<string>2</string>
			<key>remoteGlobalIDString</key>
			<string>2D2A28881D9B049200D4039D</string>
			<key>remoteInfo</key>
			<string>RCTWebSocket-tvOS</string>
		</dict>
		<key>75D798131DC031FE0091E378</key>
		<dict>
			<key>fileType</key>
			<string>archive.ar</string>
			<key>isa</key>
			<string>PBXReferenceProxy</string>
			<key>path</key>
			<string>libRCTWebSocket-tvOS.a</string>
			<key>remoteRef</key>
			<string>75D798121DC031FE0091E378</string>
			<key>sourceTree</key>
			<string>BUILT_PRODUCTS_DIR</string>
		</dict>
		<key>75D798161DC031FE0091E378</key>
		<dict>
			<key>containerPortal</key>
			<string>7512D6B51D2C5AC700210FCE</string>
			<key>isa</key>
			<string>PBXContainerItemProxy</string>
			<key>proxyType</key>
			<string>2</string>
			<key>remoteGlobalIDString</key>
			<string>2D2A28131D9B038B00D4039D</string>
			<key>remoteInfo</key>
			<string>React-tvOS</string>
		</dict>
		<key>75D798171DC031FE0091E378</key>
		<dict>
			<key>fileType</key>
			<string>archive.ar</string>
			<key>isa</key>
			<string>PBXReferenceProxy</string>
			<key>path</key>
			<string>libReact-tvOS.a</string>
			<key>remoteRef</key>
			<string>75D798161DC031FE0091E378</string>
			<key>sourceTree</key>
			<string>BUILT_PRODUCTS_DIR</string>
		</dict>
		<key>75FF69921D9CC38A007408F7</key>
		<dict>
			<key>children</key>
			<array>
				<string>75FF69A61D9CC38B007408F7</string>
			</array>
			<key>isa</key>
			<string>PBXGroup</string>
			<key>name</key>
			<string>Products</string>
			<key>sourceTree</key>
			<string>&lt;group&gt;</string>
		</dict>
		<key>75FF69A51D9CC38B007408F7</key>
		<dict>
			<key>containerPortal</key>
			<string>BF3DE7855CA441ADA78EE576</string>
			<key>isa</key>
			<string>PBXContainerItemProxy</string>
			<key>proxyType</key>
			<string>2</string>
			<key>remoteGlobalIDString</key>
			<string>B3A3CC361C5B0A070016AC52</string>
			<key>remoteInfo</key>
			<string>RNBranch</string>
		</dict>
		<key>75FF69A61D9CC38B007408F7</key>
		<dict>
			<key>fileType</key>
			<string>archive.ar</string>
			<key>isa</key>
			<string>PBXReferenceProxy</string>
			<key>path</key>
			<string>libRNBranch.a</string>
			<key>remoteRef</key>
			<string>75FF69A51D9CC38B007408F7</string>
			<key>sourceTree</key>
			<string>BUILT_PRODUCTS_DIR</string>
		</dict>
		<key>75FF69AB1D9CCA3A007408F7</key>
		<dict>
			<key>fileRef</key>
			<string>752308161D9C790A00A80087</string>
			<key>isa</key>
			<string>PBXBuildFile</string>
		</dict>
		<key>75FF69AE1D9D5A2F007408F7</key>
		<dict>
			<key>isa</key>
			<string>PBXFileReference</string>
			<key>lastKnownFileType</key>
			<string>wrapper.framework</string>
			<key>name</key>
			<string>Branch.framework</string>
			<key>path</key>
			<string>Branch-iOS-SDK/Branch.framework</string>
			<key>sourceTree</key>
			<string>&lt;group&gt;</string>
		</dict>
		<key>75FF69AF1D9D5A2F007408F7</key>
		<dict>
			<key>fileRef</key>
			<string>75FF69AE1D9D5A2F007408F7</string>
			<key>isa</key>
			<string>PBXBuildFile</string>
		</dict>
		<key>75FF69B01D9DA885007408F7</key>
		<dict>
			<key>isa</key>
			<string>PBXFileReference</string>
			<key>lastKnownFileType</key>
			<string>wrapper.framework</string>
			<key>name</key>
			<string>Bolts.framework</string>
			<key>path</key>
			<string>FacebookSDK/Bolts.framework</string>
			<key>sourceTree</key>
			<string>&lt;group&gt;</string>
		</dict>
		<key>75FF69B11D9DA885007408F7</key>
		<dict>
			<key>isa</key>
			<string>PBXFileReference</string>
			<key>lastKnownFileType</key>
			<string>wrapper.framework</string>
			<key>name</key>
			<string>FBSDKCoreKit.framework</string>
			<key>path</key>
			<string>FacebookSDK/FBSDKCoreKit.framework</string>
			<key>sourceTree</key>
			<string>&lt;group&gt;</string>
		</dict>
		<key>75FF69B21D9DA885007408F7</key>
		<dict>
			<key>isa</key>
			<string>PBXFileReference</string>
			<key>lastKnownFileType</key>
			<string>wrapper.framework</string>
			<key>name</key>
			<string>FBSDKLoginKit.framework</string>
			<key>path</key>
			<string>FacebookSDK/FBSDKLoginKit.framework</string>
			<key>sourceTree</key>
			<string>&lt;group&gt;</string>
		</dict>
		<key>75FF69B31D9DA885007408F7</key>
		<dict>
			<key>isa</key>
			<string>PBXFileReference</string>
			<key>lastKnownFileType</key>
			<string>wrapper.framework</string>
			<key>name</key>
			<string>FBSDKShareKit.framework</string>
			<key>path</key>
			<string>FacebookSDK/FBSDKShareKit.framework</string>
			<key>sourceTree</key>
			<string>&lt;group&gt;</string>
		</dict>
		<key>75FF69B41D9DA885007408F7</key>
		<dict>
			<key>fileRef</key>
			<string>75FF69B01D9DA885007408F7</string>
			<key>isa</key>
			<string>PBXBuildFile</string>
		</dict>
		<key>75FF69B51D9DA885007408F7</key>
		<dict>
			<key>fileRef</key>
			<string>75FF69B11D9DA885007408F7</string>
			<key>isa</key>
			<string>PBXBuildFile</string>
		</dict>
		<key>75FF69B61D9DA885007408F7</key>
		<dict>
			<key>fileRef</key>
			<string>75FF69B21D9DA885007408F7</string>
			<key>isa</key>
			<string>PBXBuildFile</string>
		</dict>
		<key>75FF69B71D9DA885007408F7</key>
		<dict>
			<key>fileRef</key>
			<string>75FF69B31D9DA885007408F7</string>
			<key>isa</key>
			<string>PBXBuildFile</string>
		</dict>
		<key>78C398B01ACF4ADC00677621</key>
		<dict>
			<key>isa</key>
			<string>PBXFileReference</string>
			<key>lastKnownFileType</key>
			<string>wrapper.pb-project</string>
			<key>name</key>
			<string>RCTLinking.xcodeproj</string>
			<key>path</key>
			<string>../node_modules/react-native/Libraries/LinkingIOS/RCTLinking.xcodeproj</string>
			<key>sourceTree</key>
			<string>&lt;group&gt;</string>
		</dict>
		<key>78C398B11ACF4ADC00677621</key>
		<dict>
			<key>children</key>
			<array>
				<string>78C398B91ACF4ADC00677621</string>
				<string>75D798011DC031FE0091E378</string>
			</array>
			<key>isa</key>
			<string>PBXGroup</string>
			<key>name</key>
			<string>Products</string>
			<key>sourceTree</key>
			<string>&lt;group&gt;</string>
		</dict>
		<key>78C398B81ACF4ADC00677621</key>
		<dict>
			<key>containerPortal</key>
			<string>78C398B01ACF4ADC00677621</string>
			<key>isa</key>
			<string>PBXContainerItemProxy</string>
			<key>proxyType</key>
			<string>2</string>
			<key>remoteGlobalIDString</key>
			<string>134814201AA4EA6300B7C361</string>
			<key>remoteInfo</key>
			<string>RCTLinking</string>
		</dict>
		<key>78C398B91ACF4ADC00677621</key>
		<dict>
			<key>fileType</key>
			<string>archive.ar</string>
			<key>isa</key>
			<string>PBXReferenceProxy</string>
			<key>path</key>
			<string>libRCTLinking.a</string>
			<key>remoteRef</key>
			<string>78C398B81ACF4ADC00677621</string>
			<key>sourceTree</key>
			<string>BUILT_PRODUCTS_DIR</string>
		</dict>
		<key>7981C5641DC2C4CF007E7ECB</key>
		<dict>
			<key>children</key>
			<array>
				<string>7981C57F1DC2C4CF007E7ECB</string>
			</array>
			<key>isa</key>
			<string>PBXGroup</string>
			<key>name</key>
			<string>Products</string>
			<key>sourceTree</key>
			<string>&lt;group&gt;</string>
		</dict>
		<key>7981C57E1DC2C4CF007E7ECB</key>
		<dict>
			<key>containerPortal</key>
			<string>3DD7FCC0084C468EBC9F7766</string>
			<key>isa</key>
			<string>PBXContainerItemProxy</string>
			<key>proxyType</key>
			<string>2</string>
			<key>remoteGlobalIDString</key>
			<string>F12AFB9B1ADAF8F800E0535D</string>
			<key>remoteInfo</key>
			<string>RNFS</string>
		</dict>
		<key>7981C57F1DC2C4CF007E7ECB</key>
		<dict>
			<key>fileType</key>
			<string>archive.ar</string>
			<key>isa</key>
			<string>PBXReferenceProxy</string>
			<key>path</key>
			<string>libRNFS.a</string>
			<key>remoteRef</key>
			<string>7981C57E1DC2C4CF007E7ECB</string>
			<key>sourceTree</key>
			<string>BUILT_PRODUCTS_DIR</string>
		</dict>
		<key>832341AE1AAA6A7D00B99B32</key>
		<dict>
			<key>children</key>
			<array>
				<string>757238F31D7B63C90099EE39</string>
				<string>757238ED1D7B63B80099EE39</string>
				<string>752F47451D79EF5D000F8EE6</string>
				<string>7512D6B51D2C5AC700210FCE</string>
				<string>00C302A71ABCB8CE00DB3ED1</string>
				<string>00C302B51ABCB90400DB3ED1</string>
				<string>00C302BB1ABCB91800DB3ED1</string>
				<string>78C398B01ACF4ADC00677621</string>
				<string>00C302D31ABCB9D200DB3ED1</string>
				<string>139105B61AF99BAD00B5F7CC</string>
				<string>832341B01AAA6A8300B99B32</string>
				<string>00C302DF1ABCB9EE00DB3ED1</string>
				<string>139FDEE61B06529A00C62182</string>
				<string>2CE0E8A8148E43D59480DCCE</string>
				<string>BF3DE7855CA441ADA78EE576</string>
				<string>BFAA74C532FA4875960DB836</string>
				<string>3DD7FCC0084C468EBC9F7766</string>
				<string>CC696D0DD39E47D68CFD0B45</string>
				<string>BAA65D5B1358429FAA2D0F7F</string>
			</array>
			<key>isa</key>
			<string>PBXGroup</string>
			<key>name</key>
			<string>Libraries</string>
			<key>sourceTree</key>
			<string>&lt;group&gt;</string>
		</dict>
		<key>832341B01AAA6A8300B99B32</key>
		<dict>
			<key>isa</key>
			<string>PBXFileReference</string>
			<key>lastKnownFileType</key>
			<string>wrapper.pb-project</string>
			<key>name</key>
			<string>RCTText.xcodeproj</string>
			<key>path</key>
			<string>../node_modules/react-native/Libraries/Text/RCTText.xcodeproj</string>
			<key>sourceTree</key>
			<string>&lt;group&gt;</string>
		</dict>
		<key>832341B11AAA6A8300B99B32</key>
		<dict>
			<key>children</key>
			<array>
				<string>832341B51AAA6A8300B99B32</string>
				<string>75D7980E1DC031FE0091E378</string>
			</array>
			<key>isa</key>
			<string>PBXGroup</string>
			<key>name</key>
			<string>Products</string>
			<key>sourceTree</key>
			<string>&lt;group&gt;</string>
		</dict>
		<key>832341B41AAA6A8300B99B32</key>
		<dict>
			<key>containerPortal</key>
			<string>832341B01AAA6A8300B99B32</string>
			<key>isa</key>
			<string>PBXContainerItemProxy</string>
			<key>proxyType</key>
			<string>2</string>
			<key>remoteGlobalIDString</key>
			<string>58B5119B1A9E6C1200147676</string>
			<key>remoteInfo</key>
			<string>RCTText</string>
		</dict>
		<key>832341B51AAA6A8300B99B32</key>
		<dict>
			<key>fileType</key>
			<string>archive.ar</string>
			<key>isa</key>
			<string>PBXReferenceProxy</string>
			<key>path</key>
			<string>libRCTText.a</string>
			<key>remoteRef</key>
			<string>832341B41AAA6A8300B99B32</string>
			<key>sourceTree</key>
			<string>BUILT_PRODUCTS_DIR</string>
		</dict>
		<key>832341BD1AAA6AB300B99B32</key>
		<dict>
			<key>fileRef</key>
			<string>832341B51AAA6A8300B99B32</string>
			<key>isa</key>
			<string>PBXBuildFile</string>
		</dict>
		<key>83CBB9F61A601CBA00E9B192</key>
		<dict>
			<key>children</key>
			<array>
				<string>750C063B1CC9D56C0054AA98</string>
				<string>13B07FAE1A68108700A75B9A</string>
				<string>832341AE1AAA6A7D00B99B32</string>
				<string>00E356EF1AD99517003FC87E</string>
				<string>83CBBA001A601CBA00E9B192</string>
				<string>E5A3F943D394459998A11F68</string>
				<string>604CCBC30FC497E58F9F0787</string>
			</array>
			<key>indentWidth</key>
			<string>2</string>
			<key>isa</key>
			<string>PBXGroup</string>
			<key>sourceTree</key>
			<string>&lt;group&gt;</string>
			<key>tabWidth</key>
			<string>2</string>
		</dict>
		<key>83CBB9F71A601CBA00E9B192</key>
		<dict>
			<key>attributes</key>
			<dict>
				<key>LastUpgradeCheck</key>
				<string>800</string>
				<key>ORGANIZATIONNAME</key>
				<string>inPhood</string>
				<key>TargetAttributes</key>
				<dict>
					<key>13B07F861A680F5B00A75B9A</key>
					<dict>
						<key>DevelopmentTeam</key>
						<string>2V3Y873W24</string>
						<key>SystemCapabilities</key>
						<dict>
							<key>com.apple.Keychain</key>
							<dict>
								<key>enabled</key>
								<string>1</string>
							</dict>
							<key>com.apple.Push</key>
							<dict>
								<key>enabled</key>
								<string>1</string>
							</dict>
							<key>com.apple.SafariKeychain</key>
							<dict>
								<key>enabled</key>
								<string>1</string>
							</dict>
						</dict>
					</dict>
				</dict>
			</dict>
			<key>buildConfigurationList</key>
			<string>83CBB9FA1A601CBA00E9B192</string>
			<key>compatibilityVersion</key>
			<string>Xcode 3.2</string>
			<key>developmentRegion</key>
			<string>English</string>
			<key>hasScannedForEncodings</key>
			<string>0</string>
			<key>isa</key>
			<string>PBXProject</string>
			<key>knownRegions</key>
			<array>
				<string>en</string>
				<string>Base</string>
			</array>
			<key>mainGroup</key>
			<string>83CBB9F61A601CBA00E9B192</string>
			<key>productRefGroup</key>
			<string>83CBBA001A601CBA00E9B192</string>
			<key>projectDirPath</key>
			<string></string>
			<key>projectReferences</key>
			<array>
				<dict>
					<key>ProductGroup</key>
					<string>00C302A81ABCB8CE00DB3ED1</string>
					<key>ProjectRef</key>
					<string>00C302A71ABCB8CE00DB3ED1</string>
				</dict>
				<dict>
					<key>ProductGroup</key>
					<string>757238EE1D7B63B80099EE39</string>
					<key>ProjectRef</key>
					<string>757238ED1D7B63B80099EE39</string>
				</dict>
				<dict>
					<key>ProductGroup</key>
					<string>757238F41D7B63C90099EE39</string>
					<key>ProjectRef</key>
					<string>757238F31D7B63C90099EE39</string>
				</dict>
				<dict>
					<key>ProductGroup</key>
					<string>00C302B61ABCB90400DB3ED1</string>
					<key>ProjectRef</key>
					<string>00C302B51ABCB90400DB3ED1</string>
				</dict>
				<dict>
					<key>ProductGroup</key>
					<string>00C302BC1ABCB91800DB3ED1</string>
					<key>ProjectRef</key>
					<string>00C302BB1ABCB91800DB3ED1</string>
				</dict>
				<dict>
					<key>ProductGroup</key>
					<string>78C398B11ACF4ADC00677621</string>
					<key>ProjectRef</key>
					<string>78C398B01ACF4ADC00677621</string>
				</dict>
				<dict>
					<key>ProductGroup</key>
					<string>00C302D41ABCB9D200DB3ED1</string>
					<key>ProjectRef</key>
					<string>00C302D31ABCB9D200DB3ED1</string>
				</dict>
				<dict>
					<key>ProductGroup</key>
					<string>752F47461D79EF5D000F8EE6</string>
					<key>ProjectRef</key>
					<string>752F47451D79EF5D000F8EE6</string>
				</dict>
				<dict>
					<key>ProductGroup</key>
					<string>139105B71AF99BAD00B5F7CC</string>
					<key>ProjectRef</key>
					<string>139105B61AF99BAD00B5F7CC</string>
				</dict>
				<dict>
					<key>ProductGroup</key>
					<string>832341B11AAA6A8300B99B32</string>
					<key>ProjectRef</key>
					<string>832341B01AAA6A8300B99B32</string>
				</dict>
				<dict>
					<key>ProductGroup</key>
					<string>00C302E01ABCB9EE00DB3ED1</string>
					<key>ProjectRef</key>
					<string>00C302DF1ABCB9EE00DB3ED1</string>
				</dict>
				<dict>
					<key>ProductGroup</key>
					<string>139FDEE71B06529A00C62182</string>
					<key>ProjectRef</key>
					<string>139FDEE61B06529A00C62182</string>
				</dict>
				<dict>
					<key>ProductGroup</key>
					<string>7512D6B61D2C5AC700210FCE</string>
					<key>ProjectRef</key>
					<string>7512D6B51D2C5AC700210FCE</string>
				</dict>
				<dict>
					<key>ProductGroup</key>
					<string>7511EA811DDA3D4300B112E3</string>
					<key>ProjectRef</key>
					<string>BAA65D5B1358429FAA2D0F7F</string>
				</dict>
				<dict>
					<key>ProductGroup</key>
					<string>75FF69921D9CC38A007408F7</string>
					<key>ProjectRef</key>
					<string>BF3DE7855CA441ADA78EE576</string>
				</dict>
				<dict>
					<key>ProductGroup</key>
					<string>75AA28481DCE5B720041182E</string>
					<key>ProjectRef</key>
					<string>CC696D0DD39E47D68CFD0B45</string>
				</dict>
				<dict>
					<key>ProductGroup</key>
					<string>7981C5641DC2C4CF007E7ECB</string>
					<key>ProjectRef</key>
					<string>3DD7FCC0084C468EBC9F7766</string>
				</dict>
				<dict>
					<key>ProductGroup</key>
					<string>75D797A01DBE56230091E378</string>
					<key>ProjectRef</key>
					<string>BFAA74C532FA4875960DB836</string>
				</dict>
				<dict>
					<key>ProductGroup</key>
					<string>752716D11D4D28B000EC95E2</string>
					<key>ProjectRef</key>
					<string>2CE0E8A8148E43D59480DCCE</string>
				</dict>
			</array>
			<key>projectRoot</key>
			<string></string>
			<key>targets</key>
			<array>
				<string>13B07F861A680F5B00A75B9A</string>
			</array>
		</dict>
		<key>83CBB9FA1A601CBA00E9B192</key>
		<dict>
			<key>buildConfigurations</key>
			<array>
				<string>83CBBA201A601CBA00E9B192</string>
				<string>83CBBA211A601CBA00E9B192</string>
			</array>
			<key>defaultConfigurationIsVisible</key>
			<string>0</string>
			<key>defaultConfigurationName</key>
			<string>Release</string>
			<key>isa</key>
			<string>XCConfigurationList</string>
		</dict>
		<key>83CBBA001A601CBA00E9B192</key>
		<dict>
			<key>children</key>
			<array>
				<string>13B07F961A680F5B00A75B9A</string>
			</array>
			<key>isa</key>
			<string>PBXGroup</string>
			<key>name</key>
			<string>Products</string>
			<key>sourceTree</key>
			<string>&lt;group&gt;</string>
		</dict>
		<key>83CBBA201A601CBA00E9B192</key>
		<dict>
			<key>buildSettings</key>
			<dict>
				<key>ALWAYS_SEARCH_USER_PATHS</key>
				<string>NO</string>
				<key>CLANG_CXX_LANGUAGE_STANDARD</key>
				<string>gnu++0x</string>
				<key>CLANG_CXX_LIBRARY</key>
				<string>libc++</string>
				<key>CLANG_ENABLE_MODULES</key>
				<string>YES</string>
				<key>CLANG_ENABLE_OBJC_ARC</key>
				<string>YES</string>
				<key>CLANG_WARN_BOOL_CONVERSION</key>
				<string>YES</string>
				<key>CLANG_WARN_CONSTANT_CONVERSION</key>
				<string>YES</string>
				<key>CLANG_WARN_DIRECT_OBJC_ISA_USAGE</key>
				<string>YES_ERROR</string>
				<key>CLANG_WARN_EMPTY_BODY</key>
				<string>YES</string>
				<key>CLANG_WARN_ENUM_CONVERSION</key>
				<string>YES</string>
				<key>CLANG_WARN_INFINITE_RECURSION</key>
				<string>YES</string>
				<key>CLANG_WARN_INT_CONVERSION</key>
				<string>YES</string>
				<key>CLANG_WARN_OBJC_ROOT_CLASS</key>
				<string>YES_ERROR</string>
				<key>CLANG_WARN_SUSPICIOUS_MOVE</key>
				<string>YES</string>
				<key>CLANG_WARN_UNREACHABLE_CODE</key>
				<string>YES</string>
				<key>CLANG_WARN__DUPLICATE_METHOD_MATCH</key>
				<string>YES</string>
				<key>CODE_SIGN_IDENTITY[sdk=iphoneos*]</key>
				<string>iPhone Developer</string>
				<key>COPY_PHASE_STRIP</key>
				<string>NO</string>
				<key>ENABLE_STRICT_OBJC_MSGSEND</key>
				<string>YES</string>
				<key>ENABLE_TESTABILITY</key>
				<string>YES</string>
				<key>GCC_C_LANGUAGE_STANDARD</key>
				<string>gnu99</string>
				<key>GCC_DYNAMIC_NO_PIC</key>
				<string>NO</string>
				<key>GCC_NO_COMMON_BLOCKS</key>
				<string>YES</string>
				<key>GCC_OPTIMIZATION_LEVEL</key>
				<string>0</string>
				<key>GCC_PREPROCESSOR_DEFINITIONS</key>
				<array>
					<string>DEBUG=1</string>
					<string>$(inherited)</string>
				</array>
				<key>GCC_SYMBOLS_PRIVATE_EXTERN</key>
				<string>NO</string>
				<key>GCC_WARN_64_TO_32_BIT_CONVERSION</key>
				<string>YES</string>
				<key>GCC_WARN_ABOUT_RETURN_TYPE</key>
				<string>YES_ERROR</string>
				<key>GCC_WARN_UNDECLARED_SELECTOR</key>
				<string>YES</string>
				<key>GCC_WARN_UNINITIALIZED_AUTOS</key>
				<string>YES_AGGRESSIVE</string>
				<key>GCC_WARN_UNUSED_FUNCTION</key>
				<string>YES</string>
				<key>GCC_WARN_UNUSED_VARIABLE</key>
				<string>YES</string>
				<key>HEADER_SEARCH_PATHS</key>
				<array>
					<string>$(inherited)</string>
					<string>/Applications/Xcode.app/Contents/Developer/Toolchains/XcodeDefault.xctoolchain/usr/include</string>
					<string>$(SRCROOT)/../node_modules/react-native-fs/**</string>
					<string>$(SRCROOT)/../node_modules/react-native/React/**</string>
					<string>$(SRCROOT)/../node_modules/react-native-mail/RNMail</string>
					<string>$(SRCROOT)/../node_modules/react-native-branch/ios</string>
					<string>$(SRCROOT)/../node_modules/react-native-fetch-blob/ios/**</string>
					<string>$(SRCROOT)/../node_modules/react-native-lock/ios/A0RNLock/**</string>
					<string>$(SRCROOT)/../node_modules/react-native-config/ios/ReactNativeConfig</string>
					<string>$(SRCROOT)/../node_modules/react-native-vector-icons/RNVectorIconsManager</string>
					<string>$(SRCROOT)/../node_modules/react-native-image-to-base64/ios</string>
					<string>$(SRCROOT)/../node_modules/react-native-image-picker/ios/**</string>
					<string>$(SRCROOT)/../node_modules/react-native-fs/**</string>
					<string>$(SRCROOT)/../node_modules/react-native-device-info/RNDeviceInfo</string>
					<string>$(SRCROOT)/../node_modules/react-native-config/ios/ReactNativeConfig</string>
				</array>
				<key>IPHONEOS_DEPLOYMENT_TARGET</key>
				<string>9.0</string>
				<key>MTL_ENABLE_DEBUG_INFO</key>
				<string>YES</string>
				<key>ONLY_ACTIVE_ARCH</key>
				<string>YES</string>
				<key>SDKROOT</key>
				<string>iphoneos</string>
			</dict>
			<key>isa</key>
			<string>XCBuildConfiguration</string>
			<key>name</key>
			<string>Debug</string>
		</dict>
		<key>83CBBA211A601CBA00E9B192</key>
		<dict>
			<key>buildSettings</key>
			<dict>
				<key>ALWAYS_SEARCH_USER_PATHS</key>
				<string>NO</string>
				<key>CLANG_CXX_LANGUAGE_STANDARD</key>
				<string>gnu++0x</string>
				<key>CLANG_CXX_LIBRARY</key>
				<string>libc++</string>
				<key>CLANG_ENABLE_MODULES</key>
				<string>YES</string>
				<key>CLANG_ENABLE_OBJC_ARC</key>
				<string>YES</string>
				<key>CLANG_WARN_BOOL_CONVERSION</key>
				<string>YES</string>
				<key>CLANG_WARN_CONSTANT_CONVERSION</key>
				<string>YES</string>
				<key>CLANG_WARN_DIRECT_OBJC_ISA_USAGE</key>
				<string>YES_ERROR</string>
				<key>CLANG_WARN_EMPTY_BODY</key>
				<string>YES</string>
				<key>CLANG_WARN_ENUM_CONVERSION</key>
				<string>YES</string>
				<key>CLANG_WARN_INFINITE_RECURSION</key>
				<string>YES</string>
				<key>CLANG_WARN_INT_CONVERSION</key>
				<string>YES</string>
				<key>CLANG_WARN_OBJC_ROOT_CLASS</key>
				<string>YES_ERROR</string>
				<key>CLANG_WARN_SUSPICIOUS_MOVE</key>
				<string>YES</string>
				<key>CLANG_WARN_UNREACHABLE_CODE</key>
				<string>YES</string>
				<key>CLANG_WARN__DUPLICATE_METHOD_MATCH</key>
				<string>YES</string>
				<key>CODE_SIGN_IDENTITY[sdk=iphoneos*]</key>
				<string>iPhone Developer</string>
				<key>COPY_PHASE_STRIP</key>
				<string>YES</string>
				<key>ENABLE_NS_ASSERTIONS</key>
				<string>NO</string>
				<key>ENABLE_STRICT_OBJC_MSGSEND</key>
				<string>YES</string>
				<key>GCC_C_LANGUAGE_STANDARD</key>
				<string>gnu99</string>
				<key>GCC_NO_COMMON_BLOCKS</key>
				<string>YES</string>
				<key>GCC_WARN_64_TO_32_BIT_CONVERSION</key>
				<string>YES</string>
				<key>GCC_WARN_ABOUT_RETURN_TYPE</key>
				<string>YES_ERROR</string>
				<key>GCC_WARN_UNDECLARED_SELECTOR</key>
				<string>YES</string>
				<key>GCC_WARN_UNINITIALIZED_AUTOS</key>
				<string>YES_AGGRESSIVE</string>
				<key>GCC_WARN_UNUSED_FUNCTION</key>
				<string>YES</string>
				<key>GCC_WARN_UNUSED_VARIABLE</key>
				<string>YES</string>
				<key>HEADER_SEARCH_PATHS</key>
				<array>
					<string>$(inherited)</string>
					<string>/Applications/Xcode.app/Contents/Developer/Toolchains/XcodeDefault.xctoolchain/usr/include</string>
					<string>$(SRCROOT)/../node_modules/react-native/React/**</string>
					<string>$(SRCROOT)/../node_modules/react-native-lock/ios/A0RNLock/**</string>
					<string>$(SRCROOT)/../node_modules/react-native-vector-icons/RNVectorIconsManager</string>
					<string>$(SRCROOT)/../node_modules/react-native-camera/ios</string>
					<string>$(SRCROOT)/../node_modules/react-native-fs/**</string>
					<string>$(SRCROOT)/../node_modules/react-native-mail/RNMail</string>
					<string>$(SRCROOT)/../node_modules/react-native-config/ios/ReactNativeConfig</string>
					<string>$(SRCROOT)/../node_modules/react-native-branch/ios</string>
					<string>$(SRCROOT)/../node_modules/react-native-fetch-blob/ios/**</string>
					<string>$(SRCROOT)/../node_modules/react-native-image-to-base64/ios</string>
					<string>$(SRCROOT)/../node_modules/react-native-image-picker/ios/**</string>
					<string>$(SRCROOT)/../node_modules/react-native-fs/**</string>
					<string>$(SRCROOT)/../node_modules/react-native-device-info/RNDeviceInfo</string>
					<string>$(SRCROOT)/../node_modules/react-native-config/ios/ReactNativeConfig</string>
				</array>
				<key>IPHONEOS_DEPLOYMENT_TARGET</key>
				<string>9.0</string>
				<key>MTL_ENABLE_DEBUG_INFO</key>
				<string>NO</string>
				<key>SDKROOT</key>
				<string>iphoneos</string>
				<key>VALIDATE_PRODUCT</key>
				<string>YES</string>
			</dict>
			<key>isa</key>
			<string>XCBuildConfiguration</string>
			<key>name</key>
			<string>Release</string>
		</dict>
		<key>87952ABD8C5A426F959B1152</key>
		<dict>
			<key>fileRef</key>
			<string>1FFA6EF45B0C42D397F1E251</string>
			<key>isa</key>
			<string>PBXBuildFile</string>
		</dict>
		<key>895223FA91584065ADF4D9D2</key>
		<dict>
			<key>fileRef</key>
			<string>6D49B063EAC4415E964E5EAF</string>
			<key>isa</key>
			<string>PBXBuildFile</string>
		</dict>
		<key>8B2091D34DBC421185F90983</key>
		<dict>
			<key>fileRef</key>
			<string>25B8015C0ABF4587AB1399F3</string>
			<key>isa</key>
			<string>PBXBuildFile</string>
		</dict>
		<key>967B55463FEF4FF0BEC82263</key>
		<dict>
			<key>explicitFileType</key>
			<string>undefined</string>
			<key>fileEncoding</key>
			<string>9</string>
			<key>includeInIndex</key>
			<string>0</string>
			<key>isa</key>
			<string>PBXFileReference</string>
			<key>lastKnownFileType</key>
			<string>unknown</string>
			<key>name</key>
			<string>Zocial.ttf</string>
			<key>path</key>
			<string>../node_modules/react-native-vector-icons/Fonts/Zocial.ttf</string>
			<key>sourceTree</key>
			<string>&lt;group&gt;</string>
		</dict>
		<key>96C4CCE2B958490687C186EF</key>
		<dict>
			<key>fileRef</key>
			<string>EBCEB82D4979486EAB4DEB83</string>
			<key>isa</key>
			<string>PBXBuildFile</string>
		</dict>
		<key>A0AE0E2861414F33A00559D0</key>
		<dict>
			<key>fileRef</key>
			<string>4CAD52C3DE514835972AA696</string>
			<key>isa</key>
			<string>PBXBuildFile</string>
		</dict>
		<key>ACCAD5875B4B4214930719B8</key>
		<dict>
			<key>fileRef</key>
			<string>F8966DEA4B644D7FB172E04D</string>
			<key>isa</key>
			<string>PBXBuildFile</string>
		</dict>
		<key>BAA65D5B1358429FAA2D0F7F</key>
		<dict>
			<key>explicitFileType</key>
			<string>undefined</string>
			<key>fileEncoding</key>
			<string>9</string>
			<key>includeInIndex</key>
			<string>0</string>
			<key>isa</key>
			<string>PBXFileReference</string>
			<key>lastKnownFileType</key>
			<string>wrapper.pb-project</string>
			<key>name</key>
			<string>ReactNativeConfig.xcodeproj</string>
			<key>path</key>
			<string>../node_modules/react-native-config/ios/ReactNativeConfig.xcodeproj</string>
			<key>sourceTree</key>
			<string>&lt;group&gt;</string>
		</dict>
		<key>BD1CE212530640A1812402DF</key>
		<dict>
			<key>explicitFileType</key>
			<string>undefined</string>
			<key>fileEncoding</key>
			<string>9</string>
			<key>includeInIndex</key>
			<string>0</string>
			<key>isa</key>
			<string>PBXFileReference</string>
			<key>lastKnownFileType</key>
			<string>archive.ar</string>
			<key>path</key>
			<string>libRNImagePicker.a</string>
			<key>sourceTree</key>
			<string>&lt;group&gt;</string>
		</dict>
		<key>BF3DE7855CA441ADA78EE576</key>
		<dict>
			<key>explicitFileType</key>
			<string>undefined</string>
			<key>fileEncoding</key>
			<string>9</string>
			<key>includeInIndex</key>
			<string>0</string>
			<key>isa</key>
			<string>PBXFileReference</string>
			<key>lastKnownFileType</key>
			<string>wrapper.pb-project</string>
			<key>name</key>
			<string>RNBranch.xcodeproj</string>
			<key>path</key>
			<string>../node_modules/react-native-branch/ios/RNBranch.xcodeproj</string>
			<key>sourceTree</key>
			<string>&lt;group&gt;</string>
		</dict>
		<key>BFAA74C532FA4875960DB836</key>
		<dict>
			<key>explicitFileType</key>
			<string>undefined</string>
			<key>fileEncoding</key>
			<string>9</string>
			<key>includeInIndex</key>
			<string>0</string>
			<key>isa</key>
			<string>PBXFileReference</string>
			<key>lastKnownFileType</key>
			<string>wrapper.pb-project</string>
			<key>name</key>
			<string>RNImagePicker.xcodeproj</string>
			<key>path</key>
			<string>../node_modules/react-native-image-picker/ios/RNImagePicker.xcodeproj</string>
			<key>sourceTree</key>
			<string>&lt;group&gt;</string>
		</dict>
		<key>CC696D0DD39E47D68CFD0B45</key>
		<dict>
			<key>explicitFileType</key>
			<string>undefined</string>
			<key>fileEncoding</key>
			<string>9</string>
			<key>includeInIndex</key>
			<string>0</string>
			<key>isa</key>
			<string>PBXFileReference</string>
			<key>lastKnownFileType</key>
			<string>wrapper.pb-project</string>
			<key>name</key>
			<string>RNDeviceInfo.xcodeproj</string>
			<key>path</key>
			<string>../node_modules/react-native-device-info/RNDeviceInfo.xcodeproj</string>
			<key>sourceTree</key>
			<string>&lt;group&gt;</string>
		</dict>
		<key>D548150BFCE8455781113CFF</key>
		<dict>
			<key>explicitFileType</key>
			<string>undefined</string>
			<key>fileEncoding</key>
			<string>9</string>
			<key>includeInIndex</key>
			<string>0</string>
			<key>isa</key>
			<string>PBXFileReference</string>
			<key>lastKnownFileType</key>
			<string>archive.ar</string>
			<key>path</key>
			<string>libRNFS.a</string>
			<key>sourceTree</key>
			<string>&lt;group&gt;</string>
		</dict>
		<key>D7593193415E4F15ABEFB83E</key>
		<dict>
			<key>explicitFileType</key>
			<string>undefined</string>
			<key>fileEncoding</key>
			<string>9</string>
			<key>includeInIndex</key>
			<string>0</string>
			<key>isa</key>
			<string>PBXFileReference</string>
			<key>lastKnownFileType</key>
			<string>archive.ar</string>
			<key>path</key>
			<string>libRNVectorIcons.a</string>
			<key>sourceTree</key>
			<string>&lt;group&gt;</string>
		</dict>
		<key>D856A2B98DD0C8266F1A75B8</key>
		<dict>
			<key>explicitFileType</key>
			<string>archive.ar</string>
			<key>includeInIndex</key>
			<string>0</string>
			<key>isa</key>
			<string>PBXFileReference</string>
			<key>path</key>
			<string>libPods-inPhood.a</string>
			<key>sourceTree</key>
			<string>BUILT_PRODUCTS_DIR</string>
		</dict>
		<key>DB82C22C748A4E1AB74EE0B4</key>
		<dict>
			<key>fileRef</key>
			<string>3450F66AC5B84AF79EA7B870</string>
			<key>isa</key>
			<string>PBXBuildFile</string>
		</dict>
		<key>E5A3F943D394459998A11F68</key>
		<dict>
			<key>children</key>
			<array>
				<string>221F3249DE0E405D8B50A295</string>
				<string>3450F66AC5B84AF79EA7B870</string>
				<string>F711100E3834491B848868BC</string>
				<string>6D49B063EAC4415E964E5EAF</string>
				<string>EBCEB82D4979486EAB4DEB83</string>
				<string>63675BAC90914873A9A4162B</string>
				<string>4CAD52C3DE514835972AA696</string>
				<string>967B55463FEF4FF0BEC82263</string>
				<string>25B8015C0ABF4587AB1399F3</string>
			</array>
			<key>isa</key>
			<string>PBXGroup</string>
			<key>name</key>
			<string>Resources</string>
			<key>sourceTree</key>
			<string>&lt;group&gt;</string>
		</dict>
		<key>EBCEB82D4979486EAB4DEB83</key>
		<dict>
			<key>explicitFileType</key>
			<string>undefined</string>
			<key>fileEncoding</key>
			<string>9</string>
			<key>includeInIndex</key>
			<string>0</string>
			<key>isa</key>
			<string>PBXFileReference</string>
			<key>lastKnownFileType</key>
			<string>unknown</string>
			<key>name</key>
			<string>Ionicons.ttf</string>
			<key>path</key>
			<string>../node_modules/react-native-vector-icons/Fonts/Ionicons.ttf</string>
			<key>sourceTree</key>
			<string>&lt;group&gt;</string>
		</dict>
		<key>EBCEC3EF394B7D871BCCA875</key>
		<dict>
			<key>includeInIndex</key>
			<string>1</string>
			<key>isa</key>
			<string>PBXFileReference</string>
			<key>lastKnownFileType</key>
			<string>text.xcconfig</string>
			<key>name</key>
			<string>Pods-inPhood.release.xcconfig</string>
			<key>path</key>
			<string>Pods/Target Support Files/Pods-inPhood/Pods-inPhood.release.xcconfig</string>
			<key>sourceTree</key>
			<string>&lt;group&gt;</string>
		</dict>
		<key>F711100E3834491B848868BC</key>
		<dict>
			<key>explicitFileType</key>
			<string>undefined</string>
			<key>fileEncoding</key>
			<string>9</string>
			<key>includeInIndex</key>
			<string>0</string>
			<key>isa</key>
			<string>PBXFileReference</string>
			<key>lastKnownFileType</key>
			<string>unknown</string>
			<key>name</key>
			<string>FontAwesome.ttf</string>
			<key>path</key>
			<string>../node_modules/react-native-vector-icons/Fonts/FontAwesome.ttf</string>
			<key>sourceTree</key>
			<string>&lt;group&gt;</string>
		</dict>
		<key>F8966DEA4B644D7FB172E04D</key>
		<dict>
			<key>explicitFileType</key>
			<string>undefined</string>
			<key>fileEncoding</key>
			<string>9</string>
			<key>includeInIndex</key>
			<string>0</string>
			<key>isa</key>
			<string>PBXFileReference</string>
			<key>lastKnownFileType</key>
			<string>archive.ar</string>
			<key>path</key>
			<string>libRNBranch.a</string>
			<key>sourceTree</key>
			<string>&lt;group&gt;</string>
		</dict>
	</dict>
	<key>rootObject</key>
	<string>83CBB9F71A601CBA00E9B192</string>
</dict>
</plist>
